{
  "nodes": {
    "alejandra": {
      "inputs": {
        "fenix": "fenix",
        "flakeCompat": "flakeCompat",
        "nixpkgs": "nixpkgs"
      },
      "locked": {
        "lastModified": 1644895825,
        "narHash": "sha256-uvqqho7JIFM9xl3PN7zGGyNIXRT799RREMwpu0AywkM=",
        "owner": "kamadorueda",
        "repo": "alejandra",
        "rev": "942dc8fd92dc7befa212c269b6c75163ad891ce2",
        "type": "github"
      },
      "original": {
        "owner": "kamadorueda",
        "repo": "alejandra",
        "type": "github"
      }
    },
    "beautysh": {
      "inputs": {
        "nixpkgs": "nixpkgs_2",
        "poetry2nix": "poetry2nix",
        "utils": "utils"
      },
      "locked": {
        "lastModified": 1644351083,
        "narHash": "sha256-WO3/qTkh48Qu9Xmp1ksptF6a1GmQZlIfBCo8CVyINk8=",
        "owner": "lovesegfault",
        "repo": "beautysh",
        "rev": "5d272b4533df86499083c44ea7b444d67900a4af",
        "type": "github"
      },
      "original": {
        "owner": "lovesegfault",
        "repo": "beautysh",
        "type": "github"
      }
    },
    "beautysh_2": {
      "inputs": {
        "flake-utils": "flake-utils",
        "nixpkgs": "nixpkgs_3",
        "poetry2nix": "poetry2nix_2"
      },
      "locked": {
        "lastModified": 1641830469,
        "narHash": "sha256-uhDmgNP/biOWe4FtOa6c2xZnREH+NP9rdrMm0LccRUk=",
        "owner": "lovesegfault",
        "repo": "beautysh",
        "rev": "e85d9736927c0fcf2abb05cb3a2d8d9b4502a2eb",
        "type": "github"
      },
      "original": {
        "owner": "lovesegfault",
        "repo": "beautysh",
        "type": "github"
      }
    },
    "blank": {
      "locked": {
        "lastModified": 1625557891,
        "narHash": "sha256-O8/MWsPBGhhyPoPLHZAuoZiiHo9q6FLlEeIDEXuj6T4=",
        "owner": "divnix",
        "repo": "blank",
        "rev": "5a5d2684073d9f563072ed07c871d577a6c614a8",
        "type": "github"
      },
      "original": {
        "owner": "divnix",
        "repo": "blank",
        "type": "github"
      }
    },
    "bud": {
      "inputs": {
        "beautysh": "beautysh_2",
        "devshell": [
          "devshell"
        ],
        "nixpkgs": [
          "nixpkgs"
        ]
      },
      "locked": {
        "lastModified": 1642035816,
        "narHash": "sha256-1Lq5c1AeUv/1SK08+O704JVfDdD/zodHzA0cv0TIga8=",
        "owner": "divnix",
        "repo": "bud",
        "rev": "a789d710851441ba7e7cd59be378623b1fe05688",
        "type": "github"
      },
      "original": {
        "owner": "divnix",
        "repo": "bud",
        "type": "github"
      }
    },
    "check_journal": {
      "inputs": {
        "flake-compat": "flake-compat_4",
        "flake-utils": "flake-utils_6",
        "nixpkgs": "nixpkgs_9"
      },
      "locked": {
        "lastModified": 1641458882,
        "narHash": "sha256-rasukn+wdP4y6a6GL+xKYLx1Q+noeCPTrgqLZ0eAsIA=",
        "owner": "flyingcircusio",
        "repo": "check_journal",
        "rev": "54285cd40e5a2cf4b61905cb42da251bb00bc48f",
        "type": "github"
      },
      "original": {
        "owner": "flyingcircusio",
        "repo": "check_journal",
        "type": "github"
      }
    },
    "deploy": {
      "inputs": {
        "flake-compat": "flake-compat",
        "nixpkgs": [
          "digga",
          "latest"
        ],
        "utils": "utils_2"
      },
      "locked": {
        "lastModified": 1632822684,
        "narHash": "sha256-lt7eayYmgsD5OQwpb1XYfHpxttn43bWo7G7hIJs+zJw=",
        "owner": "serokell",
        "repo": "deploy-rs",
        "rev": "9a02de4373e0ec272d08a417b269a28ac8b961b4",
        "type": "github"
      },
      "original": {
        "owner": "serokell",
        "repo": "deploy-rs",
        "type": "github"
      }
    },
    "devos-ext-lib": {
      "inputs": {
        "nixpkgs": [
          "latest"
        ]
      },
      "locked": {
        "lastModified": 1638411953,
        "narHash": "sha256-mmO48a9oSbcqdgJ+XTFpO9HsRQ7UqLT6Am4CMXSp1so=",
        "owner": "divnix",
        "repo": "devos-ext-lib",
        "rev": "d8f43e823955c7005c09427d2bbc9ef6a9a59051",
        "type": "github"
      },
      "original": {
        "owner": "divnix",
        "repo": "devos-ext-lib",
        "rev": "d8f43e823955c7005c09427d2bbc9ef6a9a59051",
        "type": "github"
      }
    },
    "devshell": {
      "locked": {
        "lastModified": 1637575296,
        "narHash": "sha256-ZY8YR5u8aglZPe27+AJMnPTG6645WuavB+w0xmhTarw=",
        "owner": "numtide",
        "repo": "devshell",
        "rev": "0e56ef21ba1a717169953122c7415fa6a8cd2618",
        "type": "github"
      },
      "original": {
        "owner": "numtide",
        "repo": "devshell",
        "type": "github"
      }
    },
    "devshell_2": {
      "locked": {
        "lastModified": 1640301433,
        "narHash": "sha256-eplae8ZNiEmxbOgwUn9IihaJfEUxoUilkwciRPGskYE=",
        "owner": "numtide",
        "repo": "devshell",
        "rev": "f87fb932740abe1c1b46f6edd8a36ade17881666",
        "type": "github"
      },
      "original": {
        "owner": "numtide",
        "repo": "devshell",
        "type": "github"
      }
    },
    "devshell_3": {
      "locked": {
        "lastModified": 1640301433,
        "narHash": "sha256-eplae8ZNiEmxbOgwUn9IihaJfEUxoUilkwciRPGskYE=",
        "owner": "numtide",
        "repo": "devshell",
        "rev": "f87fb932740abe1c1b46f6edd8a36ade17881666",
        "type": "github"
      },
      "original": {
        "id": "devshell",
        "type": "indirect"
      }
    },
    "digga": {
      "inputs": {
        "blank": "blank",
        "deploy": "deploy",
        "devshell": [
          "devshell"
        ],
        "flake-utils-plus": [
          "flake-utils-plus"
        ],
        "home-manager": "home-manager",
        "latest": "latest",
        "nixlib": "nixlib",
        "nixos-generators": "nixos-generators",
        "nixpkgs": [
          "nixpkgs"
        ]
      },
      "locked": {
        "lastModified": 1643510242,
        "narHash": "sha256-9C9DyJhQ5bevk0CEEjGct+U9EqUgHg8T70nxz47zjMI=",
        "owner": "divnix",
        "repo": "digga",
        "rev": "33bfb05b8a148d8ad6a842de74e22209bf9fe5d7",
        "type": "github"
      },
      "original": {
        "owner": "divnix",
        "repo": "digga",
        "type": "github"
      }
    },
    "emacs-ng": {
      "inputs": {
        "devshell": "devshell_2",
        "emacs-overlay": "emacs-overlay",
        "flake-compat": "flake-compat_2",
        "flake-utils": "flake-utils_3",
        "nixpkgs": "nixpkgs_5",
        "rust-overlay": "rust-overlay"
      },
      "locked": {
        "lastModified": 1640741864,
        "narHash": "sha256-Bt96lIopHbhxMJKymppnlprYXJmbXYcYC5X4x4yeDE0=",
        "owner": "emacs-ng",
        "repo": "emacs-ng",
        "rev": "7a111cc3cd33a59a08db36665b3e8e6f54ed3cbd",
        "type": "github"
      },
      "original": {
        "owner": "emacs-ng",
        "repo": "emacs-ng",
        "type": "github"
      }
    },
    "emacs-overlay": {
      "locked": {
        "lastModified": 1640717235,
        "narHash": "sha256-JwKspWndaHeKYkvySDrqlMT7FpLYqvSPz5vZ9f2J+As=",
        "owner": "nix-community",
        "repo": "emacs-overlay",
        "rev": "9ffb648e712f1c48a0c2b4463c5a5702c5427dac",
        "type": "github"
      },
      "original": {
        "owner": "nix-community",
        "repo": "emacs-overlay",
        "type": "github"
      }
    },
    "fenix": {
      "inputs": {
        "nixpkgs": [
          "alejandra",
          "nixpkgs"
        ],
        "rust-analyzer-src": "rust-analyzer-src"
      },
      "locked": {
        "lastModified": 1644560676,
        "narHash": "sha256-KBC2Fn6ynCIE2sUUmJiNPY2QDWeh9caP8M1RPiUW5nE=",
        "owner": "nix-community",
        "repo": "fenix",
        "rev": "6fbfc2821a058eb820bb3742a762bbba5a99f0df",
        "type": "github"
      },
      "original": {
        "owner": "nix-community",
        "repo": "fenix",
        "type": "github"
      }
    },
    "flake-compat": {
      "flake": false,
      "locked": {
        "lastModified": 1627913399,
        "narHash": "sha256-hY8g6H2KFL8ownSiFeMOjwPC8P0ueXpCVEbxgda3pko=",
        "owner": "edolstra",
        "repo": "flake-compat",
        "rev": "12c64ca55c1014cdc1b16ed5a804aa8576601ff2",
        "type": "github"
      },
      "original": {
        "owner": "edolstra",
        "repo": "flake-compat",
        "type": "github"
      }
    },
    "flake-compat_2": {
      "flake": false,
      "locked": {
        "lastModified": 1627913399,
        "narHash": "sha256-hY8g6H2KFL8ownSiFeMOjwPC8P0ueXpCVEbxgda3pko=",
        "owner": "edolstra",
        "repo": "flake-compat",
        "rev": "12c64ca55c1014cdc1b16ed5a804aa8576601ff2",
        "type": "github"
      },
      "original": {
        "owner": "edolstra",
        "repo": "flake-compat",
        "type": "github"
      }
    },
    "flake-compat_3": {
      "flake": false,
      "locked": {
        "lastModified": 1627913399,
        "narHash": "sha256-hY8g6H2KFL8ownSiFeMOjwPC8P0ueXpCVEbxgda3pko=",
        "owner": "edolstra",
        "repo": "flake-compat",
        "rev": "12c64ca55c1014cdc1b16ed5a804aa8576601ff2",
        "type": "github"
      },
      "original": {
        "owner": "edolstra",
        "repo": "flake-compat",
        "type": "github"
      }
    },
    "flake-compat_4": {
      "flake": false,
      "locked": {
        "lastModified": 1606424373,
        "narHash": "sha256-oq8d4//CJOrVj+EcOaSXvMebvuTkmBJuT5tzlfewUnQ=",
        "owner": "edolstra",
        "repo": "flake-compat",
        "rev": "99f1c2157fba4bfe6211a321fd0ee43199025dbf",
        "type": "github"
      },
      "original": {
        "owner": "edolstra",
        "repo": "flake-compat",
        "type": "github"
      }
    },
    "flake-compat_5": {
      "flake": false,
      "locked": {
        "lastModified": 1641205782,
        "narHash": "sha256-4jY7RCWUoZ9cKD8co0/4tFARpWB+57+r1bLLvXNJliY=",
        "owner": "edolstra",
        "repo": "flake-compat",
        "rev": "b7547d3eed6f32d06102ead8991ec52ab0a4f1a7",
        "type": "github"
      },
      "original": {
        "id": "flake-compat",
        "type": "indirect"
      }
    },
    "flake-compat_6": {
      "flake": false,
      "locked": {
        "lastModified": 1627913399,
        "narHash": "sha256-hY8g6H2KFL8ownSiFeMOjwPC8P0ueXpCVEbxgda3pko=",
        "owner": "edolstra",
        "repo": "flake-compat",
        "rev": "12c64ca55c1014cdc1b16ed5a804aa8576601ff2",
        "type": "github"
      },
      "original": {
        "owner": "edolstra",
        "repo": "flake-compat",
        "type": "github"
      }
    },
    "flake-utils": {
      "locked": {
        "lastModified": 1631561581,
        "narHash": "sha256-3VQMV5zvxaVLvqqUrNz3iJelLw30mIVSfZmAaauM3dA=",
        "owner": "numtide",
        "repo": "flake-utils",
        "rev": "7e5bf3925f6fbdfaf50a2a7ca0be2879c4261d19",
        "type": "github"
      },
      "original": {
        "owner": "numtide",
        "repo": "flake-utils",
        "type": "github"
      }
    },
    "flake-utils-plus": {
      "inputs": {
        "flake-utils": "flake-utils_5"
      },
      "locked": {
        "lastModified": 1638994888,
        "narHash": "sha256-iz/ynGNZlvqKCOnFrEKqGA+BVKGQMG+g2JT+e3OOLN8=",
        "owner": "divnix",
        "repo": "flake-utils-plus",
        "rev": "b4f9f517574cb7bd6ee3f19c72c19634c9f536e1",
        "type": "github"
      },
      "original": {
        "owner": "divnix",
        "repo": "flake-utils-plus",
        "type": "github"
      }
    },
    "flake-utils_10": {
      "locked": {
        "lastModified": 1637014545,
        "narHash": "sha256-26IZAc5yzlD9FlDT54io1oqG/bBoyka+FJk5guaX4x4=",
        "owner": "numtide",
        "repo": "flake-utils",
        "rev": "bba5dcc8e0b20ab664967ad83d24d64cb64ec4f4",
        "type": "github"
      },
      "original": {
        "owner": "numtide",
        "repo": "flake-utils",
        "type": "github"
      }
    },
    "flake-utils_2": {
      "locked": {
        "lastModified": 1638122382,
        "narHash": "sha256-sQzZzAbvKEqN9s0bzWuYmRaA03v40gaJ4+iL1LXjaeI=",
        "owner": "numtide",
        "repo": "flake-utils",
        "rev": "74f7e4319258e287b0f9cb95426c9853b282730b",
        "type": "github"
      },
      "original": {
        "owner": "numtide",
        "repo": "flake-utils",
        "type": "github"
      }
    },
    "flake-utils_3": {
      "locked": {
        "lastModified": 1638122382,
        "narHash": "sha256-sQzZzAbvKEqN9s0bzWuYmRaA03v40gaJ4+iL1LXjaeI=",
        "owner": "numtide",
        "repo": "flake-utils",
        "rev": "74f7e4319258e287b0f9cb95426c9853b282730b",
        "type": "github"
      },
      "original": {
        "owner": "numtide",
        "repo": "flake-utils",
        "type": "github"
      }
    },
    "flake-utils_4": {
      "locked": {
        "lastModified": 1637014545,
        "narHash": "sha256-26IZAc5yzlD9FlDT54io1oqG/bBoyka+FJk5guaX4x4=",
        "owner": "numtide",
        "repo": "flake-utils",
        "rev": "bba5dcc8e0b20ab664967ad83d24d64cb64ec4f4",
        "type": "github"
      },
      "original": {
        "owner": "numtide",
        "repo": "flake-utils",
        "type": "github"
      }
    },
    "flake-utils_5": {
      "locked": {
        "lastModified": 1638122382,
        "narHash": "sha256-sQzZzAbvKEqN9s0bzWuYmRaA03v40gaJ4+iL1LXjaeI=",
        "owner": "numtide",
        "repo": "flake-utils",
        "rev": "74f7e4319258e287b0f9cb95426c9853b282730b",
        "type": "github"
      },
      "original": {
        "owner": "numtide",
        "repo": "flake-utils",
        "type": "github"
      }
    },
    "flake-utils_6": {
      "locked": {
        "lastModified": 1614513358,
        "narHash": "sha256-LakhOx3S1dRjnh0b5Dg3mbZyH0ToC9I8Y2wKSkBaTzU=",
        "owner": "numtide",
        "repo": "flake-utils",
        "rev": "5466c5bbece17adaab2d82fae80b46e807611bf3",
        "type": "github"
      },
      "original": {
        "owner": "numtide",
        "repo": "flake-utils",
        "type": "github"
      }
    },
    "flake-utils_7": {
      "locked": {
        "lastModified": 1642700792,
        "narHash": "sha256-XqHrk7hFb+zBvRg6Ghl+AZDq03ov6OshJLiSWOoX5es=",
        "owner": "numtide",
        "repo": "flake-utils",
        "rev": "846b2ae0fc4cc943637d3d1def4454213e203cba",
        "type": "github"
      },
      "original": {
        "owner": "numtide",
        "repo": "flake-utils",
        "type": "github"
      }
    },
    "flake-utils_8": {
      "locked": {
        "lastModified": 1638122382,
        "narHash": "sha256-sQzZzAbvKEqN9s0bzWuYmRaA03v40gaJ4+iL1LXjaeI=",
        "owner": "numtide",
        "repo": "flake-utils",
        "rev": "74f7e4319258e287b0f9cb95426c9853b282730b",
        "type": "github"
      },
      "original": {
        "owner": "numtide",
        "repo": "flake-utils",
        "type": "github"
      }
    },
    "flake-utils_9": {
      "locked": {
        "lastModified": 1638122382,
        "narHash": "sha256-sQzZzAbvKEqN9s0bzWuYmRaA03v40gaJ4+iL1LXjaeI=",
        "owner": "numtide",
        "repo": "flake-utils",
        "rev": "74f7e4319258e287b0f9cb95426c9853b282730b",
        "type": "github"
      },
      "original": {
        "owner": "numtide",
        "repo": "flake-utils",
        "type": "github"
      }
    },
    "flakeCompat": {
      "flake": false,
      "locked": {
        "lastModified": 1641205782,
        "narHash": "sha256-4jY7RCWUoZ9cKD8co0/4tFARpWB+57+r1bLLvXNJliY=",
        "owner": "edolstra",
        "repo": "flake-compat",
        "rev": "b7547d3eed6f32d06102ead8991ec52ab0a4f1a7",
        "type": "github"
      },
      "original": {
        "owner": "edolstra",
        "repo": "flake-compat",
        "type": "github"
      }
    },
    "globalRegistry": {
      "flake": false,
      "locked": {
        "lastModified": 1614596001,
        "narHash": "sha256-FRus+cq5zVKn9cqAJsMg8OVqNZDrr8QhbOzAz6kxti4=",
        "owner": "NixOS",
        "repo": "flake-registry",
        "rev": "846277a41f292c63d7c2a4bed07152d982829bcb",
        "type": "github"
      },
      "original": {
        "owner": "NixOS",
        "repo": "flake-registry",
        "type": "github"
      }
    },
    "gomod2nix": {
      "inputs": {
        "nixpkgs": "nixpkgs_10",
        "utils": "utils_3"
      },
      "locked": {
        "lastModified": 1639197850,
        "narHash": "sha256-Qknxy+YjVA39v/LwiUNsAcMAg9Df8aYAuqkH+EiAHRA=",
        "owner": "tweag",
        "repo": "gomod2nix",
        "rev": "596d01fd55ed8521853807df1f4e9d858cf75d7e",
        "type": "github"
      },
      "original": {
        "id": "gomod2nix",
        "type": "indirect"
      }
    },
    "gomod2nix_2": {
      "inputs": {
        "nixpkgs": "nixpkgs_13",
        "utils": "utils_5"
      },
      "locked": {
        "lastModified": 1627572165,
        "narHash": "sha256-MFpwnkvQpauj799b4QTBJQFEddbD02+Ln5k92QyHOSk=",
        "owner": "tweag",
        "repo": "gomod2nix",
        "rev": "67f22dd738d092c6ba88e420350ada0ed4992ae8",
        "type": "github"
      },
      "original": {
        "owner": "tweag",
        "repo": "gomod2nix",
        "type": "github"
      }
    },
    "home": {
      "inputs": {
        "nixpkgs": [
          "latest"
        ]
      },
      "locked": {
        "lastModified": 1643933104,
        "narHash": "sha256-NZPuFxRsZKN8pjRuHPpzlMyt6JQhcjiduBG8bMghSjE=",
        "owner": "nix-community",
        "repo": "home-manager",
        "rev": "63dccc4e60422c1db2c3929b2fd1541f36b7e664",
        "type": "github"
      },
      "original": {
        "owner": "nix-community",
        "repo": "home-manager",
        "type": "github"
      }
    },
    "home-manager": {
      "inputs": {
        "nixpkgs": [
          "digga",
          "nixlib"
        ]
      },
      "locked": {
        "lastModified": 1637917557,
        "narHash": "sha256-3u5bLyGn5NUG3RJA7/v1Bqa/QCFGqp/01Bh/4REf9m4=",
        "owner": "nix-community",
        "repo": "home-manager",
        "rev": "4daff26495ca9ac67476cba8cf15c3e36d91ab18",
        "type": "github"
      },
      "original": {
        "owner": "nix-community",
        "ref": "release-21.11",
        "repo": "home-manager",
        "type": "github"
      }
    },
    "latest": {
      "locked": {
        "lastModified": 1638198142,
        "narHash": "sha256-plU9b8r4St6q4U7VHtG9V7oF8k9fIpfXl/KDaZLuY9k=",
        "owner": "nixos",
        "repo": "nixpkgs",
        "rev": "8a308775674e178495767df90c419425474582a1",
        "type": "github"
      },
      "original": {
        "owner": "nixos",
        "ref": "nixos-unstable",
        "repo": "nixpkgs",
        "type": "github"
      }
    },
    "latest_2": {
      "locked": {
        "lastModified": 1645040175,
        "narHash": "sha256-imSHoSkvIzse7deTWD5KcYg6A+lLeSO929LX/DbVkCU=",
        "owner": "NixOS",
        "repo": "nixpkgs",
        "rev": "5aa133e53796454f2e5920d74787b0f5f917f253",
        "type": "github"
      },
      "original": {
        "owner": "NixOS",
        "ref": "master",
        "repo": "nixpkgs",
        "type": "github"
      }
    },
    "latest_3": {
      "locked": {
        "lastModified": 1644994982,
        "narHash": "sha256-SvXFMwBIs3tuKRnJHYzjZK0w3qCytLn0eFqAFI4bWiw=",
        "owner": "NixOS",
        "repo": "nixpkgs",
        "rev": "6d5e3764dd3802fe55d8753e27daeb14a76ce0e0",
        "type": "github"
      },
      "original": {
        "id": "latest",
        "type": "indirect"
      }
    },
    "lowdown-src": {
      "flake": false,
      "locked": {
        "lastModified": 1633514407,
        "narHash": "sha256-Dw32tiMjdK9t3ETl5fzGrutQTzh2rufgZV4A/BbxuD4=",
        "owner": "kristapsdz",
        "repo": "lowdown",
        "rev": "d2c2b44ff6c27b936ec27358a2653caaef8f73b8",
        "type": "github"
      },
      "original": {
        "owner": "kristapsdz",
        "repo": "lowdown",
        "type": "github"
      }
    },
    "mach-nix": {
      "inputs": {
        "flake-utils": "flake-utils_7",
        "nixpkgs": "nixpkgs_11",
        "pypi-deps-db": "pypi-deps-db"
      },
      "locked": {
        "lastModified": 1644818395,
        "narHash": "sha256-oU9TcxWjUMdEyB7OajWJ06Lcf0z3HmTl0znMTfIA3dA=",
        "owner": "DavHau",
        "repo": "mach-nix",
        "rev": "c914064c9b8cab9495818ffe8d834d8c2c1d7ce7",
        "type": "github"
      },
      "original": {
        "id": "mach-nix",
        "type": "indirect"
      }
    },
    "nix": {
      "inputs": {
        "lowdown-src": "lowdown-src",
        "nixpkgs": "nixpkgs_7",
        "nixpkgs-regression": "nixpkgs-regression"
      },
      "locked": {
        "lastModified": 1645006441,
        "narHash": "sha256-TU6DmiGp5AubjVx+gWVkSYKntJojgmySTuvzagfhCok=",
        "owner": "NixOS",
        "repo": "nix",
        "rev": "aa5b83d93ce1b7bb67bf81ceda7ebf7706b1efa0",
        "type": "github"
      },
      "original": {
        "owner": "NixOS",
        "repo": "nix",
        "type": "github"
      }
    },
    "nixlib": {
      "locked": {
        "lastModified": 1644107864,
        "narHash": "sha256-Wrbt6Gs+hjXD3HUICPBJHKnHEUqiyx8rzHCgvqC1Bok=",
        "owner": "nix-community",
        "repo": "nixpkgs.lib",
        "rev": "58eabcf65e7dba189eb0013f86831c159e3b2be6",
        "type": "github"
      },
      "original": {
        "owner": "nix-community",
        "repo": "nixpkgs.lib",
        "type": "github"
      }
    },
    "nixlib_2": {
      "locked": {
        "lastModified": 1641688481,
        "narHash": "sha256-6L+EU12xLDHby7y8elgFtRKVBxix+7qV8DhVgXqrKZo=",
        "owner": "nix-community",
        "repo": "nixpkgs.lib",
        "rev": "f697717b3d3a074ffc16c8c8227504f0db292886",
        "type": "github"
      },
      "original": {
        "owner": "nix-community",
        "repo": "nixpkgs.lib",
        "type": "github"
      }
    },
    "nixos-generators": {
      "inputs": {
        "nixlib": "nixlib_2",
        "nixpkgs": [
          "digga",
          "blank"
        ]
      },
      "locked": {
        "lastModified": 1637655461,
        "narHash": "sha256-kXZPbclN3gKwjhp2/RYFDFpAsSBwzX1iLF4EcnHZsPQ=",
        "owner": "nix-community",
        "repo": "nixos-generators",
        "rev": "05a3eb158a9c7746a5d463726d7f7cccf07500e4",
        "type": "github"
      },
      "original": {
        "owner": "nix-community",
        "repo": "nixos-generators",
        "type": "github"
      }
    },
    "nixos-hardware": {
      "locked": {
        "lastModified": 1638440530,
        "narHash": "sha256-kmoNW+RmSka988iWvSrkiAxO8g6D76O0gW2cIIhL6U8=",
        "owner": "nixos",
        "repo": "nixos-hardware",
        "rev": "4c9f07277bd4bc29a051ff2a0ca58c6403e3881a",
        "type": "github"
      },
      "original": {
        "owner": "nixos",
        "repo": "nixos-hardware",
        "type": "github"
      }
    },
    "nixpkgs": {
      "locked": {
        "lastModified": 1644880769,
        "narHash": "sha256-mXmBosP+rnNdnBhQQP5Frx4QuSwdT63Bozjzm81abMg=",
        "owner": "nixos",
        "repo": "nixpkgs",
        "rev": "a31699dce9a2d5b432a41a7499e088240d1086c8",
        "type": "github"
      },
      "original": {
        "owner": "nixos",
        "repo": "nixpkgs",
        "type": "github"
      }
    },
    "nixpkgs-hardenedlinux": {
      "inputs": {
        "check_journal": "check_journal",
        "devshell": "devshell_3",
        "flake-compat": "flake-compat_5",
        "gomod2nix": "gomod2nix",
        "latest": "latest_3",
        "mach-nix": "mach-nix",
        "nixpkgs": "nixpkgs_12",
        "nixpkgs_20": "nixpkgs_20",
        "utils": "utils_4"
      },
      "locked": {
        "lastModified": 1645001069,
        "narHash": "sha256-caC5ZNCUS8D2hqth16GzWwGJzAQlB5SKO/thb/DDE40=",
        "owner": "hardenedlinux",
        "repo": "nixpkgs-hardenedlinux",
        "rev": "465d073e4fafa732b3161d390ab9411ea321f42c",
        "type": "github"
      },
      "original": {
        "owner": "hardenedlinux",
        "repo": "nixpkgs-hardenedlinux",
        "type": "github"
      }
    },
    "nixpkgs-regression": {
      "locked": {
        "lastModified": 1643052045,
        "narHash": "sha256-uGJ0VXIhWKGXxkeNnq4TvV3CIOkUJ3PAoLZ3HMzNVMw=",
        "owner": "NixOS",
        "repo": "nixpkgs",
        "rev": "215d4d0fd80ca5163643b03a33fde804a29cc1e2",
        "type": "github"
      },
      "original": {
        "id": "nixpkgs",
        "rev": "215d4d0fd80ca5163643b03a33fde804a29cc1e2",
        "type": "indirect"
      }
    },
    "nixpkgs_10": {
      "locked": {
        "lastModified": 1625191069,
        "narHash": "sha256-M8/UH9pMgQEtuzY9bFwklYw8hx0pOKtUTyQC8E2UTHY=",
        "owner": "NixOS",
        "repo": "nixpkgs",
        "rev": "d8079260a3028ae3221d7a5467443ee3a9edd2b8",
        "type": "github"
      },
      "original": {
        "owner": "NixOS",
        "ref": "nixos-unstable",
        "repo": "nixpkgs",
        "type": "github"
      }
    },
    "nixpkgs_11": {
      "locked": {
        "lastModified": 1643805626,
        "narHash": "sha256-AXLDVMG+UaAGsGSpOtQHPIKB+IZ0KSd9WS77aanGzgc=",
        "owner": "NixOS",
        "repo": "nixpkgs",
        "rev": "554d2d8aa25b6e583575459c297ec23750adb6cb",
        "type": "github"
      },
      "original": {
        "id": "nixpkgs",
        "ref": "nixos-unstable",
        "type": "indirect"
      }
    },
    "nixpkgs_12": {
      "locked": {
        "lastModified": 1644960916,
        "narHash": "sha256-L2XuHZfyUZ5AeSbaRy2DOcLJ+KV6cLw2jGTSS7KyJ4Q=",
        "owner": "NixOS",
        "repo": "nixpkgs",
        "rev": "cdc68dca91aa9685f9a7f70574cfac17a5f40453",
        "type": "github"
      },
      "original": {
        "id": "nixpkgs",
        "type": "indirect"
      }
    },
    "nixpkgs_13": {
      "locked": {
        "lastModified": 1638986258,
        "narHash": "sha256-OceRdctKZRSgqQxVRvvNB0MaEnFMzQqjUffecoDE9eI=",
        "owner": "NixOS",
        "repo": "nixpkgs",
        "rev": "581d2d6c9cd5c289002203581d8aa0861963a933",
        "type": "github"
      },
      "original": {
        "owner": "NixOS",
        "ref": "nixos-unstable",
        "repo": "nixpkgs",
        "type": "github"
      }
    },
    "nixpkgs_14": {
      "locked": {
        "lastModified": 1637453606,
        "narHash": "sha256-Gy6cwUswft9xqsjWxFYEnx/63/qzaFUwatcbV5GF/GQ=",
        "owner": "NixOS",
        "repo": "nixpkgs",
        "rev": "8afc4e543663ca0a6a4f496262cd05233737e732",
        "type": "github"
      },
      "original": {
        "owner": "NixOS",
        "ref": "nixpkgs-unstable",
        "repo": "nixpkgs",
        "type": "github"
      }
    },
    "nixpkgs_15": {
      "locked": {
        "lastModified": 1638097282,
        "narHash": "sha256-EXCzj9b8X/lqDPJapxZThIOKL5ASbpsJZ+8L1LnY1ig=",
        "owner": "NixOS",
        "repo": "nixpkgs",
        "rev": "78cb77b29d37a9663e05b61abb4fa09465da4b70",
        "type": "github"
      },
      "original": {
        "owner": "NixOS",
        "ref": "nixpkgs-unstable",
        "repo": "nixpkgs",
        "type": "github"
      }
    },
    "nixpkgs_2": {
      "locked": {
        "lastModified": 1644269936,
        "narHash": "sha256-Pxn2au1JChCuxiKtmF8hpV7DyvKrCYd0vLzZGjGV0VE=",
        "owner": "NixOS",
        "repo": "nixpkgs",
        "rev": "8cec3cc29e2bc2a7dea71de46d3fd4441700de2e",
        "type": "github"
      },
      "original": {
        "owner": "NixOS",
        "ref": "nixos-unstable-small",
        "repo": "nixpkgs",
        "type": "github"
      }
    },
    "nixpkgs_20": {
      "locked": {
        "lastModified": 1636935165,
        "narHash": "sha256-J4smKTYTp8wJ57znUerWlS/QRgp0jcm/StcfIhsa5eA=",
        "owner": "NixOS",
        "repo": "nixpkgs",
        "rev": "f7949198dcff52265b322ca8abf7450610e7e49e",
        "type": "github"
      },
      "original": {
        "id": "nixpkgs_20",
        "type": "indirect"
      }
    },
    "nixpkgs_3": {
      "locked": {
        "lastModified": 1633971123,
        "narHash": "sha256-WmI4NbH1IPGFWVkuBkKoYgOnxgwSfWDgdZplJlQ93vA=",
        "owner": "NixOS",
        "repo": "nixpkgs",
        "rev": "e4ef597edfd8a0ba5f12362932fc9b1dd01a0aef",
        "type": "github"
      },
      "original": {
        "owner": "NixOS",
        "ref": "nixos-unstable-small",
        "repo": "nixpkgs",
        "type": "github"
      }
    },
    "nixpkgs_4": {
      "locked": {
        "lastModified": 1642121090,
        "narHash": "sha256-rjosXvmnworrDFd5YdDdhHdByB1NnCxlDHqJPxRcuRI=",
        "owner": "NixOS",
        "repo": "nixpkgs",
        "rev": "1ea35d50d84aa6e85a99a4ed593df7ed629b3974",
        "type": "github"
      },
      "original": {
        "owner": "NixOS",
        "repo": "nixpkgs",
        "type": "github"
      }
    },
    "nixpkgs_5": {
      "locked": {
        "lastModified": 1640653651,
        "narHash": "sha256-fByFYXYoE/6TqwKGbT7XBCOAlSsFzOXm4ZsRLoO70m8=",
        "owner": "NixOS",
        "repo": "nixpkgs",
        "rev": "7bca80140fc7732c7357b26002db3d87b3ba4c61",
        "type": "github"
      },
      "original": {
        "owner": "NixOS",
        "ref": "release-21.05",
        "repo": "nixpkgs",
        "type": "github"
      }
    },
    "nixpkgs_6": {
      "locked": {
        "lastModified": 1640418986,
        "narHash": "sha256-a8GGtxn2iL3WAkY5H+4E0s3Q7XJt6bTOvos9qqxT5OQ=",
        "owner": "NixOS",
        "repo": "nixpkgs",
        "rev": "5c37ad87222cfc1ec36d6cd1364514a9efc2f7f2",
        "type": "github"
      },
      "original": {
        "owner": "NixOS",
        "ref": "nixpkgs-unstable",
        "repo": "nixpkgs",
        "type": "github"
      }
    },
    "nixpkgs_7": {
      "locked": {
        "lastModified": 1632864508,
        "narHash": "sha256-d127FIvGR41XbVRDPVvozUPQ/uRHbHwvfyKHwEt5xFM=",
        "owner": "NixOS",
        "repo": "nixpkgs",
        "rev": "82891b5e2c2359d7e58d08849e4c89511ab94234",
        "type": "github"
      },
      "original": {
        "id": "nixpkgs",
        "ref": "nixos-21.05-small",
        "type": "indirect"
      }
    },
    "nixpkgs_8": {
      "locked": {
        "lastModified": 1644849393,
        "narHash": "sha256-G9VjbFL8n2PM5GlbqYeql7NJqQQHWG+AEqLc1Lk3qdE=",
        "owner": "NixOS",
        "repo": "nixpkgs",
        "rev": "8a9cd4588567583c4a1df2e4350a6592caf2ce38",
        "type": "github"
      },
      "original": {
        "id": "nixpkgs",
        "ref": "release-21.11",
        "type": "indirect"
      }
    },
    "nixpkgs_9": {
      "locked": {
        "lastModified": 1635403963,
        "narHash": "sha256-0actzfzBAXvvDJ/EvPSGbtCPXUwSObQrcq0RpsPWZgA=",
        "ref": "nixos-unstable",
        "rev": "2deb07f3ac4eeb5de1c12c4ba2911a2eb1f6ed61",
        "revCount": 325810,
        "type": "git",
        "url": "file:///nix/nixpkgs"
      },
      "original": {
        "id": "nixpkgs",
        "ref": "nixos-unstable",
        "type": "indirect"
      }
    },
    "nur": {
      "locked": {
        "lastModified": 1638435562,
        "narHash": "sha256-l7+pHUJ3C2WVEWRDANHuIJ9R4AhxZoAgDC0HbkrjlWI=",
        "owner": "nix-community",
        "repo": "NUR",
        "rev": "68bbcc08934f7185fb39d8abaf9b4dbcadf045bf",
        "type": "github"
      },
      "original": {
        "owner": "nix-community",
        "repo": "NUR",
        "type": "github"
      }
    },
    "photoprism": {
      "flake": false,
      "locked": {
        "lastModified": 1639155848,
        "narHash": "sha256-563sbnpAWXSMrsJ+jeHOjj6eqUUa80CSJ39kUghdGNQ=",
        "owner": "photoprism",
        "repo": "photoprism",
        "rev": "2cb90e7e0db7c3102537e085a41bc7a67c74cabc",
        "type": "github"
      },
      "original": {
        "owner": "photoprism",
        "repo": "photoprism",
        "type": "github"
      }
    },
    "photoprism2nix": {
      "inputs": {
        "flake-compat": "flake-compat_6",
        "flake-utils": "flake-utils_9",
        "gomod2nix": "gomod2nix_2",
        "nixpkgs": [
          "nixpkgs"
        ],
        "photoprism": "photoprism",
        "ranz2nix": "ranz2nix"
      },
      "locked": {
        "lastModified": 1639159380,
        "narHash": "sha256-kBH+dDNuZznPlqAv1ZFi4k03QP89qz14XkiZVCpOqbw=",
        "owner": "GTrunSec",
        "repo": "photoprism2nix",
        "rev": "2c827cdfc55b0f0977583119342ca4c5a8d3d020",
        "type": "github"
      },
      "original": {
        "owner": "GTrunSec",
        "repo": "photoprism2nix",
        "type": "github"
      }
    },
    "poetry2nix": {
      "inputs": {
        "flake-utils": [
          "beautysh",
          "utils"
        ],
        "nixpkgs": [
          "beautysh",
          "nixpkgs"
        ]
      },
      "locked": {
        "lastModified": 1644294697,
        "narHash": "sha256-+XHCt4Oyyxwib+sZNlM/iUt7VVLgqpKZWqJwegO9+IA=",
        "owner": "nix-community",
        "repo": "poetry2nix",
        "rev": "d3dc8d28f29cb56ed861585ed3ec393b7d859261",
        "type": "github"
      },
      "original": {
        "owner": "nix-community",
        "repo": "poetry2nix",
        "type": "github"
      }
    },
    "poetry2nix_2": {
      "inputs": {
        "flake-utils": "flake-utils_2",
        "nixpkgs": "nixpkgs_4"
      },
      "locked": {
        "lastModified": 1633382856,
        "narHash": "sha256-hYlet806M9xJj4yxf0g5fhDT2IEUVIMAl7sqIeZ8DUM=",
        "owner": "nix-community",
        "repo": "poetry2nix",
        "rev": "705cbfa10e3d9bfed2e59e0256844ae3704dbd7e",
        "type": "github"
      },
      "original": {
        "owner": "nix-community",
        "repo": "poetry2nix",
        "type": "github"
      }
    },
    "pypi-deps-db": {
      "flake": false,
      "locked": {
        "lastModified": 1645000431,
        "narHash": "sha256-dmV/XP9Sf4vdBcIsZkLXXsNBHYwz5oZk/RW35WH3+bE=",
        "owner": "DavHau",
        "repo": "pypi-deps-db",
        "rev": "20b85298d13c54110a1f6cd6e017c2c4a483ac06",
        "type": "github"
      },
      "original": {
        "owner": "DavHau",
        "repo": "pypi-deps-db",
        "type": "github"
      }
    },
    "qnr": {
      "inputs": {
        "globalRegistry": "globalRegistry"
      },
      "locked": {
        "lastModified": 1627589359,
        "narHash": "sha256-h0UhOgGtHwEcb2looQXIFPNmRwiFtXo4bEuBboPJzJo=",
        "owner": "divnix",
        "repo": "quick-nix-registry",
        "rev": "9f1beb3e4de2e538b14ed8ddc71b706fd33b08dd",
        "type": "github"
      },
      "original": {
        "owner": "divnix",
        "repo": "quick-nix-registry",
        "type": "github"
      }
    },
    "ranz2nix": {
      "flake": false,
      "locked": {
        "lastModified": 1594668772,
        "narHash": "sha256-JE7lk0rDP5itZqWOwjuv8N18xLbGc6XL/0u9rMnhXUk=",
        "owner": "andir",
        "repo": "ranz2nix",
        "rev": "637276c3110716d2a798e737fe62e54b37190d50",
        "type": "github"
      },
      "original": {
        "owner": "andir",
        "repo": "ranz2nix",
        "type": "github"
      }
    },
    "root": {
      "inputs": {
        "alejandra": "alejandra",
        "beautysh": "beautysh",
        "bud": "bud",
        "devos-ext-lib": "devos-ext-lib",
        "devshell": "devshell",
        "digga": "digga",
        "emacs-ng": "emacs-ng",
        "flake-compat": "flake-compat_3",
        "flake-utils-plus": "flake-utils-plus",
        "gomod2nix": [
          "nixpkgs-hardenedlinux",
          "gomod2nix"
        ],
        "home": "home",
        "latest": "latest_2",
        "nix": "nix",
        "nixos-hardware": "nixos-hardware",
        "nixpkgs": "nixpkgs_8",
        "nixpkgs-hardenedlinux": "nixpkgs-hardenedlinux",
        "nur": "nur",
        "photoprism2nix": "photoprism2nix",
        "qnr": "qnr",
        "rust-overlay": "rust-overlay_2",
        "sops-nix": "sops-nix",
        "stable": "stable",
        "tenvideo": "tenvideo"
      }
    },
    "rust-analyzer-src": {
      "flake": false,
      "locked": {
        "lastModified": 1644391473,
        "narHash": "sha256-39Mhn0JxV8QHog+B2KjeMalblXP8DFU5rRVkLXZILGk=",
        "owner": "rust-analyzer",
        "repo": "rust-analyzer",
        "rev": "08348d79fa3ccb2aeeea87e758dcd5f1614c7ad8",
        "type": "github"
      },
      "original": {
        "owner": "rust-analyzer",
        "ref": "nightly",
        "repo": "rust-analyzer",
        "type": "github"
      }
    },
    "rust-overlay": {
      "inputs": {
        "flake-utils": "flake-utils_4",
        "nixpkgs": "nixpkgs_6"
      },
      "locked": {
        "lastModified": 1640572736,
        "narHash": "sha256-SEp9Q3ZJiZjntDaZ6vc66aZrFhMlgiCqcUZQL2VisDQ=",
        "owner": "oxalica",
        "repo": "rust-overlay",
        "rev": "9ce4f45e4ed4ea9bb562e70bac92922e1687db13",
        "type": "github"
      },
      "original": {
        "owner": "oxalica",
        "repo": "rust-overlay",
        "type": "github"
      }
    },
    "rust-overlay_2": {
      "inputs": {
        "flake-utils": "flake-utils_10",
        "nixpkgs": "nixpkgs_14"
      },
      "locked": {
        "lastModified": 1638456395,
        "narHash": "sha256-lM8LTTWaBe4yDJoSBgQmJ9LJUVttdSFVVvlu063z8aM=",
        "owner": "oxalica",
        "repo": "rust-overlay",
        "rev": "1fd2dc01ee34817858261bebae6a79cb9debc1f9",
        "type": "github"
      },
      "original": {
        "owner": "oxalica",
        "repo": "rust-overlay",
        "type": "github"
      }
    },
    "sops-nix": {
      "inputs": {
        "nixpkgs": "nixpkgs_15"
      },
      "locked": {
        "lastModified": 1643003126,
        "narHash": "sha256-JO5WrnP6+5qN3isdmm9VmjzvCM64UElgGnql7vEGjKU=",
        "owner": "Mic92",
        "repo": "sops-nix",
        "rev": "c86068ac9a317f235be24a468206f874ba00f8d0",
        "type": "github"
      },
      "original": {
        "owner": "Mic92",
        "repo": "sops-nix",
        "type": "github"
      }
    },
    "stable": {
      "locked": {
        "lastModified": 1638397917,
        "narHash": "sha256-pRXnw1KE43CEo/TwPoXzpPpG8YfYrl8qQHeQlq9atqc=",
        "ref": "release-21.05",
        "rev": "fb8e85783e4d76184cda608b2e0168b980f6434d",
        "revCount": 295900,
        "type": "git",
        "url": "file:///nix/nixpkgs"
      },
      "original": {
        "id": "nixpkgs",
        "ref": "release-21.05",
        "type": "indirect"
      }
    },
    "tenvideo": {
      "inputs": {
        "nixpkgs": [
          "nixpkgs"
        ]
      },
      "locked": {
        "lastModified": 1609538072,
        "narHash": "sha256-oj5j5LkQai3VpNoOYCWSWTQfAeIAr1w6K6LrT3TCwrA=",
        "owner": "GTrunSec",
        "repo": "Tenvideo-nix-flake",
        "rev": "e8bc66e35bcfead56ed32a85cb687a0c7435e34a",
        "type": "github"
      },
      "original": {
        "owner": "GTrunSec",
        "repo": "Tenvideo-nix-flake",
        "type": "github"
      }
    },
    "utils": {
      "locked": {
        "lastModified": 1644229661,
        "narHash": "sha256-1YdnJAsNy69bpcjuoKdOYQX0YxZBiCYZo4Twxerqv7k=",
        "owner": "numtide",
        "repo": "flake-utils",
        "rev": "3cecb5b042f7f209c56ffd8371b2711a290ec797",
        "type": "github"
      },
      "original": {
        "owner": "numtide",
        "repo": "flake-utils",
        "type": "github"
      }
    },
    "utils_2": {
      "locked": {
        "lastModified": 1638122382,
        "narHash": "sha256-sQzZzAbvKEqN9s0bzWuYmRaA03v40gaJ4+iL1LXjaeI=",
        "owner": "numtide",
        "repo": "flake-utils",
        "rev": "74f7e4319258e287b0f9cb95426c9853b282730b",
        "type": "github"
      },
      "original": {
        "owner": "numtide",
        "repo": "flake-utils",
        "type": "github"
      }
    },
    "utils_3": {
      "locked": {
        "lastModified": 1623875721,
        "narHash": "sha256-A8BU7bjS5GirpAUv4QA+QnJ4CceLHkcXdRp4xITDB0s=",
        "owner": "numtide",
        "repo": "flake-utils",
        "rev": "f7e004a55b120c02ecb6219596820fcd32ca8772",
        "type": "github"
      },
      "original": {
        "owner": "numtide",
        "repo": "flake-utils",
        "type": "github"
      }
    },
    "utils_4": {
      "inputs": {
        "flake-utils": "flake-utils_8"
      },
      "locked": {
        "lastModified": 1639385028,
        "narHash": "sha256-oqorKz3mwf7UuDJwlbCEYCB2LfcWLL0DkeCWhRIL820=",
        "owner": "gytis-ivaskevicius",
        "repo": "flake-utils-plus",
        "rev": "be1be083af014720c14f3b574f57b6173b4915d0",
        "type": "github"
      },
      "original": {
        "id": "utils",
        "type": "indirect"
      }
    },
    "utils_5": {
      "locked": {
        "lastModified": 1623875721,
        "narHash": "sha256-A8BU7bjS5GirpAUv4QA+QnJ4CceLHkcXdRp4xITDB0s=",
        "owner": "numtide",
        "repo": "flake-utils",
        "rev": "f7e004a55b120c02ecb6219596820fcd32ca8772",
        "type": "github"
      },
      "original": {
        "owner": "numtide",
        "repo": "flake-utils",
        "type": "github"
      }
    }
  },
  "root": "root",
  "version": 7
}
