{
  "nodes": {
    "StevenBlack-hosts": {
      "flake": false,
      "locked": {
        "lastModified": 1618323021,
        "narHash": "sha256-etXlrCUOBU2U/T/lHYOzAtIyLW4k1OXA7Q/+WMvPiZg=",
        "owner": "StevenBlack",
        "repo": "hosts",
        "rev": "c202dbda759bb0ab52c68e9f675ccd2ad4b59c3e",
        "type": "github"
      },
      "original": {
        "owner": "StevenBlack",
        "repo": "hosts",
        "type": "github"
      }
    },
    "brim-flake": {
      "inputs": {
        "nixpkgs": [
          "nixos"
        ]
      },
      "locked": {
        "lastModified": 1614580871,
        "narHash": "sha256-K5CdWgNQN7nwRXeK4TUr0jRmA9gOmFsLphGzXa4dV78=",
        "owner": "hardenedlinux",
        "repo": "brim-flake",
        "rev": "b9eaf9f95f10356c706c19d8e8f64d2b4c51757b",
        "type": "github"
      },
      "original": {
        "owner": "hardenedlinux",
        "repo": "brim-flake",
        "type": "github"
      }
    },
    "broker": {
      "flake": false,
      "locked": {
        "lastModified": 1583784312,
        "narHash": "sha256-a5+21Q/SkDHS9cEhmcSmAxQgf3YcVgdj3EokwuVtqvA=",
        "owner": "zeek",
        "repo": "broker",
        "rev": "e65cca620b1d2d26af6c5a9ee9513321fc3ed2a0",
        "type": "github"
      },
      "original": {
        "owner": "zeek",
        "repo": "broker",
        "rev": "e65cca620b1d2d26af6c5a9ee9513321fc3ed2a0",
        "type": "github"
      }
    },
    "caf": {
      "flake": false,
      "locked": {
        "lastModified": 1597334539,
        "narHash": "sha256-WYzyDM66w7JlNk7/zuHUyeaLcmlrBReRrCM7KeGjikI=",
        "owner": "actor-framework",
        "repo": "actor-framework",
        "rev": "347917fee3420d5fa02220af861869d1728b7fc0",
        "type": "github"
      },
      "original": {
        "owner": "actor-framework",
        "repo": "actor-framework",
        "rev": "347917fee3420d5fa02220af861869d1728b7fc0",
        "type": "github"
      }
    },
    "ci-agent": {
      "inputs": {
        "flake-compat": [
          "flake-compat"
        ],
        "nix-darwin": [
          "darwin"
        ],
        "nixos-20_09": [
          "nixos"
        ],
        "nixos-unstable": [
          "override"
        ],
        "pre-commit-hooks-nix": "pre-commit-hooks-nix"
      },
      "locked": {
        "lastModified": 1617051928,
        "narHash": "sha256-50Qd32ebudm1kL/prp44WjZH5gDkKkZXWy8HPW8lZ88=",
        "owner": "hercules-ci",
        "repo": "hercules-ci-agent",
        "rev": "4110b97734d54dc0df22e6e01a426038e236d710",
        "type": "github"
      },
      "original": {
        "owner": "hercules-ci",
        "repo": "hercules-ci-agent",
        "type": "github"
      }
    },
    "darwin": {
      "inputs": {
        "nixpkgs": [
          "override"
        ]
      },
      "locked": {
        "lastModified": 1616437843,
        "narHash": "sha256-mOrPTDNW2hwryNBAVkmWuDdb9Owjb7AcSwob7ecfRIk=",
        "owner": "LnL7",
        "repo": "nix-darwin",
        "rev": "1a760930266ac00b7d422320c0b01d583d294ec7",
        "type": "github"
      },
      "original": {
        "owner": "LnL7",
        "repo": "nix-darwin",
        "type": "github"
      }
    },
    "deploy": {
      "inputs": {
        "flake-compat": [
          "flake-compat"
        ],
        "naersk": [
          "naersk"
        ],
        "nixpkgs": [
          "override"
        ],
        "utils": [
          "utils"
        ]
      },
      "locked": {
        "lastModified": 1616406726,
        "narHash": "sha256-n9zmgxR03QNrvs9/fHewqE0j3SjL7Y+cglBCFu3U3rg=",
        "owner": "serokell",
        "repo": "deploy-rs",
        "rev": "9e405fbc5ab5bacbd271fd78c6b6b6877c4d9f8d",
        "type": "github"
      },
      "original": {
        "owner": "serokell",
        "repo": "deploy-rs",
        "type": "github"
      }
    },
    "devshell": {
      "locked": {
        "lastModified": 1616093728,
        "narHash": "sha256-5A3CABXiKPIzU4uETKStQvBtAoZNL1H1B/LAOk4FguU=",
        "owner": "numtide",
        "repo": "devshell",
        "rev": "3663a7dffb94b412cee4cc0c9644fe5f95911101",
        "type": "github"
      },
      "original": {
        "owner": "numtide",
        "repo": "devshell",
        "type": "github"
      }
    },
    "devshell-flake": {
      "locked": {
        "lastModified": 1618523768,
        "narHash": "sha256-Gev9da35pHUey3kGz/zrJFc/9ICs++vPCho7qB1mqd8=",
        "owner": "numtide",
        "repo": "devshell",
        "rev": "709fe4d04a9101c9d224ad83f73416dce71baf21",
        "type": "github"
      },
      "original": {
        "owner": "numtide",
        "repo": "devshell",
        "type": "github"
      }
    },
    "devshell-flake_2": {
      "locked": {
        "lastModified": 1617631469,
        "narHash": "sha256-kBoHeZPbDAfOCWjy+ialZYmlg2FXKaqHH7eH+15e3pk=",
        "owner": "numtide",
        "repo": "devshell",
        "rev": "5d2ad08eb7cb0cf1f73b6f6e0ccfd2508a4995d7",
        "type": "github"
      },
      "original": {
        "owner": "numtide",
        "repo": "devshell",
        "type": "github"
      }
    },
    "emacs-overlay": {
      "locked": {
        "lastModified": 1616214656,
        "narHash": "sha256-ceFOGcsbGlP/qtxMBlRGFH5fsbN+uGQYeHUrpgcRS4U=",
        "owner": "nix-community",
        "repo": "emacs-overlay",
        "rev": "d9530a7048f4b1c0f65825202a0ce1d111a1d39a",
        "type": "github"
      },
      "original": {
        "owner": "nix-community",
        "repo": "emacs-overlay",
        "type": "github"
      }
    },
    "emacs-overlay_2": {
      "locked": {
        "lastModified": 1616214656,
        "narHash": "sha256-ceFOGcsbGlP/qtxMBlRGFH5fsbN+uGQYeHUrpgcRS4U=",
        "owner": "nix-community",
        "repo": "emacs-overlay",
        "rev": "d9530a7048f4b1c0f65825202a0ce1d111a1d39a",
        "type": "github"
      },
      "original": {
        "owner": "nix-community",
        "repo": "emacs-overlay",
        "rev": "d9530a7048f4b1c0f65825202a0ce1d111a1d39a",
        "type": "github"
      }
    },
    "emacsNg-flake": {
      "inputs": {
        "devshell-flake": "devshell-flake",
        "emacs-overlay": "emacs-overlay_2",
        "emacsNg-src": "emacsNg-src",
        "flake-compat": "flake-compat",
        "flake-utils": [
          "utils"
        ],
        "master": "master",
        "nixpkgs": [
          "nixos"
        ],
        "rust-overlay": [
          "rust-overlay"
        ]
      },
      "locked": {
        "lastModified": 1619561710,
        "narHash": "sha256-EYP4cKSQv9BRfIfPyW3UMR1XYvuhLZA2CXiLQ33eiCI=",
        "owner": "gtrunsec",
        "repo": "emacs-ng",
        "rev": "4b7a33c19985319668c507c4047d28d9b48f258f",
        "type": "github"
      },
      "original": {
        "owner": "gtrunsec",
        "ref": "nix-webrender",
        "repo": "emacs-ng",
        "type": "github"
      }
    },
    "emacsNg-src": {
      "flake": false,
      "locked": {
        "lastModified": 1619505640,
        "narHash": "sha256-YRJBdC2bOTvaUzN2SbXxvb7usv4YwN6ya9w1tidnyKs=",
        "owner": "emacs-ng",
        "repo": "emacs-ng",
        "rev": "a93e3e4ba9254ebe3147dacc695f5cc42b975a09",
        "type": "github"
      },
      "original": {
        "owner": "emacs-ng",
        "repo": "emacs-ng",
        "type": "github"
      }
    },
    "flake-compat": {
      "flake": false,
      "locked": {
        "lastModified": 1606424373,
        "narHash": "sha256-oq8d4//CJOrVj+EcOaSXvMebvuTkmBJuT5tzlfewUnQ=",
        "owner": "edolstra",
        "repo": "flake-compat",
        "rev": "99f1c2157fba4bfe6211a321fd0ee43199025dbf",
        "type": "github"
      },
      "original": {
        "owner": "edolstra",
        "repo": "flake-compat",
        "type": "github"
      }
    },
    "flake-compat_2": {
      "flake": false,
      "locked": {
        "lastModified": 1611461076,
        "narHash": "sha256-ad++dTtMNeitUIKi1c66aTrVJOSf+mdZTrGrXzjDr6Q=",
        "owner": "BBBSnowball",
        "repo": "flake-compat",
        "rev": "a565cb46bee9fa856a6c15bc9c3bb947fbb784ec",
        "type": "github"
      },
      "original": {
        "owner": "BBBSnowball",
        "ref": "pr-1",
        "repo": "flake-compat",
        "type": "github"
      }
    },
    "flake-compat_3": {
      "flake": false,
      "locked": {
        "lastModified": 1606424373,
        "narHash": "sha256-oq8d4//CJOrVj+EcOaSXvMebvuTkmBJuT5tzlfewUnQ=",
        "owner": "edolstra",
        "repo": "flake-compat",
        "rev": "99f1c2157fba4bfe6211a321fd0ee43199025dbf",
        "type": "github"
      },
      "original": {
        "owner": "edolstra",
        "repo": "flake-compat",
        "type": "github"
      }
    },
    "flake-utils": {
      "locked": {
        "lastModified": 1614513358,
        "narHash": "sha256-LakhOx3S1dRjnh0b5Dg3mbZyH0ToC9I8Y2wKSkBaTzU=",
        "owner": "numtide",
        "repo": "flake-utils",
        "rev": "5466c5bbece17adaab2d82fae80b46e807611bf3",
        "type": "github"
      },
      "original": {
        "owner": "numtide",
        "repo": "flake-utils",
        "type": "github"
      }
    },
    "flake-utils_2": {
      "locked": {
        "lastModified": 1610051610,
        "narHash": "sha256-U9rPz/usA1/Aohhk7Cmc2gBrEEKRzcW4nwPWMPwja4Y=",
        "owner": "numtide",
        "repo": "flake-utils",
        "rev": "3982c9903e93927c2164caa727cd3f6a0e6d14cc",
        "type": "github"
      },
      "original": {
        "owner": "numtide",
        "repo": "flake-utils",
        "type": "github"
      }
    },
    "home": {
      "inputs": {
        "nixpkgs": [
          "nixos"
        ]
      },
      "locked": {
        "lastModified": 1617220862,
        "narHash": "sha256-nLka+S6Vww8hTF3ZkzK/BezvgAo1Z433/L6TR1SiXyM=",
        "owner": "nix-community",
        "repo": "home-manager",
        "rev": "ad04237d5142f53dcba258942b78e2d2bbf210c8",
        "type": "github"
      },
      "original": {
        "owner": "nix-community",
        "repo": "home-manager",
        "type": "github"
      }
    },
    "icsnpp-bacnet": {
      "flake": false,
      "locked": {
        "lastModified": 1611095103,
        "narHash": "sha256-LM6yZKtmr9/tdVRhkMAxVY8dEh1JeOdIZUhK2BDrZGE=",
        "ref": "master",
        "rev": "9c6e6b097b4799245af740402ced96383784e599",
        "revCount": 1,
        "type": "git",
        "url": "https://github.com/cisagov/icsnpp-bacnet"
      },
      "original": {
        "type": "git",
        "url": "https://github.com/cisagov/icsnpp-bacnet"
      }
    },
    "master": {
      "locked": {
        "lastModified": 1610942247,
        "narHash": "sha256-PKo1ATAlC6BmfYSRmX0TVmNoFbrec+A5OKcabGEu2yU=",
        "owner": "NixOS",
        "repo": "nixpkgs",
        "rev": "7d71001b796340b219d1bfa8552c81995017544a",
        "type": "github"
      },
      "original": {
        "id": "nixpkgs",
        "rev": "7d71001b796340b219d1bfa8552c81995017544a",
        "type": "indirect"
      }
    },
    "naersk": {
      "inputs": {
        "nixpkgs": [
          "override"
        ]
      },
      "locked": {
        "lastModified": 1614785451,
        "narHash": "sha256-TPw8kQvr2UNCuvndtY+EjyXp6Q5GEW2l9UafXXh1XmI=",
        "owner": "nmattia",
        "repo": "naersk",
        "rev": "e0fe990b478a66178a58c69cf53daec0478ca6f9",
        "type": "github"
      },
      "original": {
        "owner": "nmattia",
        "repo": "naersk",
        "type": "github"
      }
    },
    "nixos": {
      "locked": {
        "lastModified": 1618358406,
        "narHash": "sha256-BTdYXQqBjyBfw1BkkGHW+EPHY6IPGGguAPvEbmAWmGA=",
        "owner": "NixOS",
        "repo": "nixpkgs",
        "rev": "ccabc238a8bd142e58c2cd8db8ebd78ab38555d9",
        "type": "github"
      },
      "original": {
        "id": "nixpkgs",
        "rev": "ccabc238a8bd142e58c2cd8db8ebd78ab38555d9",
        "type": "indirect"
      }
    },
    "nixos-hardware": {
      "locked": {
        "lastModified": 1616493443,
        "narHash": "sha256-xMDBWCa7oXFU1pBr25Fza/uv+IciMHogJMQ6g+gHQG4=",
        "owner": "nixos",
        "repo": "nixos-hardware",
        "rev": "758bc63af2bde87563f9c27710f3dcc16ff9096f",
        "type": "github"
      },
      "original": {
        "owner": "nixos",
        "repo": "nixos-hardware",
        "type": "github"
      }
    },
    "nixpkgs": {
      "locked": {
        "lastModified": 1615709438,
        "narHash": "sha256-hDLC1wVzcD+9dt1U9QpbP0v9bOYD9NGczsobHIEhDYw=",
        "owner": "NixOS",
        "repo": "nixpkgs",
        "rev": "3a7674c896847d18e598fa5da23d7426cb9be3d2",
        "type": "github"
      },
      "original": {
        "id": "nixpkgs",
        "rev": "3a7674c896847d18e598fa5da23d7426cb9be3d2",
        "type": "indirect"
      }
    },
    "nixpkgs-hardenedlinux": {
      "flake": false,
      "locked": {
        "lastModified": 1616366723,
        "narHash": "sha256-GJfWbPBTBbugmcls35sdFQDXdjh1w9rur18I6nrCTZQ=",
        "owner": "hardenedlinux",
        "repo": "nixpkgs-hardenedlinux",
        "rev": "434834e00907d7caf52ff1d26eb87f7ab83e6dfc",
        "type": "github"
      },
      "original": {
        "owner": "hardenedlinux",
        "repo": "nixpkgs-hardenedlinux",
        "type": "github"
      }
    },
    "nixpkgs_2": {
      "locked": {
        "lastModified": 1612206459,
        "narHash": "sha256-xzOl+2TAskbQaIKO9AUsXS+qiDmHFj54uzUW0nRnf2o=",
        "owner": "NixOS",
        "repo": "nixpkgs",
        "rev": "449b698a0b554996ac099b4e3534514528019269",
        "type": "github"
      },
      "original": {
        "id": "nixpkgs",
        "rev": "449b698a0b554996ac099b4e3534514528019269",
        "type": "indirect"
      }
    },
    "notdeft": {
      "flake": false,
      "locked": {
        "lastModified": 1598303276,
        "narHash": "sha256-pTcyKI66t0/N6wH7JmOa8ulXOQ9ipOCTL6wwVRj/G/0=",
        "owner": "hasu",
        "repo": "notdeft",
        "rev": "7c0125074332df9eb75b0b82cf57a4f8698ffc7a",
        "type": "github"
      },
      "original": {
        "owner": "hasu",
        "repo": "notdeft",
        "rev": "7c0125074332df9eb75b0b82cf57a4f8698ffc7a",
        "type": "github"
      }
    },
    "nur": {
      "locked": {
        "lastModified": 1617336777,
        "narHash": "sha256-UIcxN68YvXzjHv0R1sjAgxX8PpzjfTPlNPIHGcP3JO8=",
        "owner": "nix-community",
        "repo": "NUR",
        "rev": "2003686c0377d9b8f3304a6a4fa4ac5e0b48ffb1",
        "type": "github"
      },
      "original": {
        "id": "nur",
        "type": "indirect"
      }
    },
    "override": {
      "locked": {
        "lastModified": 1618430098,
        "narHash": "sha256-TmYwkNo7rOCNCIHtfyAY5Lq00GMfnMyiOZmD9o1so+A=",
        "owner": "NixOS",
        "repo": "nixpkgs",
        "rev": "78927e608facf9d9a1f5958f2fa6afef8036f16e",
        "type": "github"
      },
      "original": {
        "id": "nixpkgs",
        "type": "indirect"
      }
    },
    "photoprism": {
      "flake": false,
      "locked": {
        "lastModified": 1613655548,
        "narHash": "sha256-ip5QC2fZyJLYdcgaeCiCmbIb6byoqP9SYN79KAZSsVc=",
        "owner": "photoprism",
        "repo": "photoprism",
        "rev": "a9f64f98c2c99c07a9e69a82a1122e3b520790cf",
        "type": "github"
      },
      "original": {
        "owner": "photoprism",
        "repo": "photoprism",
        "rev": "a9f64f98c2c99c07a9e69a82a1122e3b520790cf",
        "type": "github"
      }
    },
    "photoprism-flake": {
      "inputs": {
        "flake-utils": [
          "utils"
        ],
        "nixpkgs": [
          "stable"
        ],
        "photoprism": "photoprism",
        "ranz2nix": "ranz2nix"
      },
      "locked": {
        "lastModified": 1617684656,
        "narHash": "sha256-IRJJLk/K1i36XJIXXW5Fwf9Mu0oiW3rfmLD6QNrkDdQ=",
        "owner": "GTrunSec",
        "repo": "photoprism-flake",
        "rev": "ffa5c4c536a3a2b9def802dc3fb037f941e887a5",
        "type": "github"
      },
      "original": {
        "owner": "GTrunSec",
        "repo": "photoprism-flake",
        "type": "github"
      }
    },
    "pkgs": {
      "inputs": {
        "StevenBlack-hosts": "StevenBlack-hosts",
        "nixpkgs": [
          "nixos"
        ],
        "notdeft": "notdeft"
      },
      "locked": {
        "narHash": "sha256-Zs7dc0dNNa0Z3//+Gckxj7SKrMqVovY0xZZ1z8xWnEg=",
        "path": "./pkgs",
        "type": "path"
      },
      "original": {
        "path": "./pkgs",
        "type": "path"
      }
    },
    "pre-commit-hooks-nix": {
      "flake": false,
      "locked": {
        "lastModified": 1603721622,
        "narHash": "sha256-tUgyf5eYK5+0A/dvLzbbm4W7icxbpORuFMXiFe5yz+I=",
        "owner": "cachix",
        "repo": "pre-commit-hooks.nix",
        "rev": "efdbd6d28f7f44db3d9f8cf0e0b4cb9db0d259e1",
        "type": "github"
      },
      "original": {
        "owner": "cachix",
        "repo": "pre-commit-hooks.nix",
        "type": "github"
      }
    },
    "ranz2nix": {
      "flake": false,
      "locked": {
        "lastModified": 1594668772,
        "narHash": "sha256-JE7lk0rDP5itZqWOwjuv8N18xLbGc6XL/0u9rMnhXUk=",
        "owner": "andir",
        "repo": "ranz2nix",
        "rev": "637276c3110716d2a798e737fe62e54b37190d50",
        "type": "github"
      },
      "original": {
        "owner": "andir",
        "repo": "ranz2nix",
        "type": "github"
      }
    },
    "root": {
      "inputs": {
        "brim-flake": "brim-flake",
        "ci-agent": "ci-agent",
        "darwin": "darwin",
        "deploy": "deploy",
        "devshell": "devshell",
        "emacs-overlay": "emacs-overlay",
        "emacsNg-flake": "emacsNg-flake",
        "flake-compat": "flake-compat_2",
        "home": "home",
        "naersk": "naersk",
        "nixos": "nixos",
        "nixos-hardware": "nixos-hardware",
        "nixpkgs-hardenedlinux": "nixpkgs-hardenedlinux",
        "nur": "nur",
        "override": "override",
        "photoprism-flake": "photoprism-flake",
        "pkgs": "pkgs",
        "rust-overlay": "rust-overlay",
        "stable": "stable",
        "tenvideo": "tenvideo",
        "threatbus-flake": "threatbus-flake",
        "utils": "utils",
        "vast-flake": "vast-flake",
        "zeek-nix": "zeek-nix"
      }
    },
    "rust-overlay": {
      "inputs": {
        "flake-utils": "flake-utils",
        "nixpkgs": [
          "nixos"
        ]
      },
      "locked": {
        "lastModified": 1617935044,
        "narHash": "sha256-14AECpzqqDaA0gJk/Auo4usKG8PfM4Dr9eDAC/Dm7JM=",
        "owner": "oxalica",
        "repo": "rust-overlay",
        "rev": "5b846f742b2350c175311506e840a29cc0278700",
        "type": "github"
      },
      "original": {
        "owner": "oxalica",
        "repo": "rust-overlay",
        "type": "github"
      }
    },
    "spicy-analyzers": {
      "flake": false,
      "locked": {
        "lastModified": 1617206134,
        "narHash": "sha256-iJc+CAYW1SXU2OMAkyF4JKJzUpSQhZooBzE+npNxy4w=",
        "ref": "main",
        "rev": "26696b65574faf6282aaa5e7836fda1f43a09092",
        "revCount": 108,
        "type": "git",
        "url": "https://github.com/zeek/spicy-analyzers"
      },
      "original": {
        "ref": "main",
        "type": "git",
        "url": "https://github.com/zeek/spicy-analyzers"
      }
    },
    "stable": {
      "locked": {
        "lastModified": 1601252555,
        "narHash": "sha256-4PrnTqMQn9D24gD52KDrnG2NymfPkeqKWAFXOAyD9E0=",
        "owner": "NixOS",
        "repo": "nixpkgs",
        "rev": "684d5d27136f154775c95005dcce2d32943c7c9e",
        "type": "github"
      },
      "original": {
        "id": "nixpkgs",
        "rev": "684d5d27136f154775c95005dcce2d32943c7c9e",
        "type": "indirect"
      }
    },
    "tenvideo": {
      "inputs": {
        "nixpkgs": [
          "nixos"
        ]
      },
      "locked": {
        "lastModified": 1609538072,
        "narHash": "sha256-oj5j5LkQai3VpNoOYCWSWTQfAeIAr1w6K6LrT3TCwrA=",
        "owner": "GTrunSec",
        "repo": "Tenvideo-nix-flake",
        "rev": "e8bc66e35bcfead56ed32a85cb687a0c7435e34a",
        "type": "github"
      },
      "original": {
        "owner": "GTrunSec",
        "repo": "Tenvideo-nix-flake",
        "type": "github"
      }
    },
    "threatbus-flake": {
      "inputs": {
        "devshell-flake": "devshell-flake_2",
        "flake-compat": "flake-compat_3",
        "flake-utils": [
          "utils"
        ],
        "nixpkgs": "nixpkgs",
        "nixpkgs-hardenedlinux": [
          "nixpkgs-hardenedlinux"
        ],
        "threatbus-src": "threatbus-src",
        "vast-flake": [
          "vast-flake"
        ]
      },
      "locked": {
        "lastModified": 1617752594,
        "narHash": "sha256-6/j91fA5jQobT73OP/eAXzgKpXuncqXjA9Gljq/8iuU=",
        "owner": "GTrunSec",
        "repo": "threatbus-nix-flake",
        "rev": "61f651f19235e8dbbda219993abdb3352af0ff0e",
        "type": "github"
      },
      "original": {
        "owner": "GTrunSec",
        "ref": "main",
        "repo": "threatbus-nix-flake",
        "type": "github"
      }
    },
    "threatbus-src": {
      "flake": false,
      "locked": {
        "lastModified": 1616583760,
        "narHash": "sha256-orshajixM7mcWkYhoK84pmUgzGwkZ9/Wtwtz4DM+qTA=",
        "owner": "tenzir",
        "repo": "threatbus",
        "rev": "7751e3fd9ff2fe850df4a69dc3db7c35b7bcafd5",
        "type": "github"
      },
      "original": {
        "owner": "tenzir",
        "repo": "threatbus",
        "type": "github"
      }
    },
    "utils": {
      "locked": {
        "lastModified": 1614513358,
        "narHash": "sha256-LakhOx3S1dRjnh0b5Dg3mbZyH0ToC9I8Y2wKSkBaTzU=",
        "owner": "numtide",
        "repo": "flake-utils",
        "rev": "5466c5bbece17adaab2d82fae80b46e807611bf3",
        "type": "github"
      },
      "original": {
        "owner": "numtide",
        "repo": "flake-utils",
        "type": "github"
      }
    },
    "vast-flake": {
      "inputs": {
        "broker": "broker",
        "caf": "caf",
        "flake-utils": "flake-utils_2",
        "nixpkgs": "nixpkgs_2"
      },
      "locked": {
        "lastModified": 1617488711,
        "narHash": "sha256-cgZJrctK+jRf/rZvybgDneqqxuIrzfP+5bNp/neZc1o=",
        "owner": "GTrunSec",
        "repo": "vast",
        "rev": "659cd4628cffb8b6dc693ef8628e40f3a07354b7",
        "type": "github"
      },
      "original": {
        "owner": "GTrunSec",
        "ref": "nix-flake",
        "repo": "vast",
        "type": "github"
      }
    },
    "zeek-nix": {
      "inputs": {
        "flake-utils": [
          "utils"
        ],
        "icsnpp-bacnet": "icsnpp-bacnet",
        "nixpkgs": [
          "nixos"
        ],
        "spicy-analyzers": "spicy-analyzers",
        "zeek-plugin-community-id": "zeek-plugin-community-id",
        "zeek-plugin-http2": "zeek-plugin-http2",
        "zeek-plugin-ikev2": "zeek-plugin-ikev2",
        "zeek-plugin-kafka": "zeek-plugin-kafka",
        "zeek-plugin-pdf": "zeek-plugin-pdf",
        "zeek-plugin-postgresql": "zeek-plugin-postgresql",
        "zeek-plugin-zip": "zeek-plugin-zip",
        "zeek-rc": "zeek-rc",
        "zeek-tls": "zeek-tls"
      },
      "locked": {
        "lastModified": 1617306708,
        "narHash": "sha256-ROXp2Dznsglp91Zs61pJbJk/kuwAJx5wZmWU8h+lrPs=",
        "owner": "hardenedlinux",
        "repo": "zeek-nix",
        "rev": "bfbf1bf858500dd424ae0ec6ac3c04e251e88448",
        "type": "github"
      },
      "original": {
        "owner": "hardenedlinux",
        "ref": "main",
        "repo": "zeek-nix",
        "type": "github"
      }
    },
    "zeek-plugin-community-id": {
      "flake": false,
      "locked": {
        "lastModified": 1600967039,
        "narHash": "sha256-MV5Wa67u7WY91nh5jOCgiCk1ymvSKSyfT5nhl9EDA/w=",
        "ref": "master",
        "rev": "181a104b99d9019771ece7e489e46f2268b746d8",
        "revCount": 21,
        "type": "git",
        "url": "https://github.com/corelight/zeek-community-id/"
      },
      "original": {
        "ref": "master",
        "rev": "181a104b99d9019771ece7e489e46f2268b746d8",
        "type": "git",
        "url": "https://github.com/corelight/zeek-community-id/"
      }
    },
    "zeek-plugin-http2": {
      "flake": false,
      "locked": {
        "lastModified": 1607350298,
        "narHash": "sha256-UpNfsYfNKMb8yO8X5bdwB2wSQo9KWsjZbVqzteKYY3Q=",
        "ref": "master",
        "rev": "70008f0f40e6c942547285f8c43b9aabd1efc909",
        "revCount": 50,
        "type": "git",
        "url": "https://github.com/MITRECND/bro-http2/"
      },
      "original": {
        "type": "git",
        "url": "https://github.com/MITRECND/bro-http2/"
      }
    },
    "zeek-plugin-ikev2": {
      "flake": false,
      "locked": {
        "lastModified": 1580147366,
        "narHash": "sha256-ct1nQcbDGQ2V9lrKD/snhmF3EEkDXCbQfiJpSwOmKPI=",
        "ref": "master",
        "rev": "5b62d506573da388bb4df0446cc87cdffc12a438",
        "revCount": 1,
        "type": "git",
        "url": "https://github.com/ukncsc/zeek-plugin-ikev2"
      },
      "original": {
        "type": "git",
        "url": "https://github.com/ukncsc/zeek-plugin-ikev2"
      }
    },
    "zeek-plugin-kafka": {
      "flake": false,
      "locked": {
        "lastModified": 1614206104,
        "narHash": "sha256-rpKlIo08GOrYWPU+UcPZ7QmmQqb1udjLLRJ75Zo+v7Q=",
        "ref": "main",
        "rev": "f8b9c5fe89917641845be572119f354d06a6409f",
        "revCount": 55,
        "type": "git",
        "url": "https://github.com/SeisoLLC/zeek-kafka"
      },
      "original": {
        "ref": "main",
        "type": "git",
        "url": "https://github.com/SeisoLLC/zeek-kafka"
      }
    },
    "zeek-plugin-pdf": {
      "flake": false,
      "locked": {
        "lastModified": 1602586202,
        "narHash": "sha256-0zO7RwCJx8W8rn5ebjZUn/xLGl0M1ljCSNWSxawflLA=",
        "ref": "master",
        "rev": "3b52f87943f04685da600f4b00b4ad27f8cd28c6",
        "revCount": 18,
        "type": "git",
        "url": "https://github.com/reservoirlabs/zeek-pdf-analyzer"
      },
      "original": {
        "type": "git",
        "url": "https://github.com/reservoirlabs/zeek-pdf-analyzer"
      }
    },
    "zeek-plugin-postgresql": {
      "flake": false,
      "locked": {
        "lastModified": 1586473863,
        "narHash": "sha256-AHzzid9/JkSbgvhbql0PlFLWo9pO2VJ7RQ0tdmfv1uQ=",
        "ref": "master",
        "rev": "fb72b41140094ec8795cd7aaecbb3997c28ff202",
        "revCount": 24,
        "type": "git",
        "url": "https://github.com/0xxon/zeek-postgresql"
      },
      "original": {
        "type": "git",
        "url": "https://github.com/0xxon/zeek-postgresql"
      }
    },
    "zeek-plugin-zip": {
      "flake": false,
      "locked": {
        "lastModified": 1602585700,
        "narHash": "sha256-1JKcDOVLQh9wyipGrVtmDnVrEXoMqjxtXqPs1rQo150=",
        "ref": "master",
        "rev": "df3344f1e161da9349d5257fc9137acc09d4af55",
        "revCount": 6,
        "type": "git",
        "url": "https://github.com/reservoirlabs/zeek-zip-analyzer"
      },
      "original": {
        "type": "git",
        "url": "https://github.com/reservoirlabs/zeek-zip-analyzer"
      }
    },
    "zeek-rc": {
      "flake": false,
      "locked": {
        "narHash": "sha256-sD4BE06pNWCXFkw1V+XfvVSj0dFCvp9lAhuEVpfT1NQ=",
        "type": "tarball",
        "url": "https://download.zeek.org/zeek-4.0.0-rc2.tar.gz"
      },
      "original": {
        "type": "tarball",
        "url": "https://download.zeek.org/zeek-4.0.0-rc2.tar.gz"
      }
    },
    "zeek-tls": {
      "flake": false,
      "locked": {
        "narHash": "sha256-DfOAe+F0X+HHGX3amIvvHJsDJHJVw2nFZVjbbvEa1vI=",
        "type": "tarball",
        "url": "https://download.zeek.org/zeek-4.0.0.tar.gz"
      },
      "original": {
        "type": "tarball",
        "url": "https://download.zeek.org/zeek-4.0.0.tar.gz"
      }
    }
  },
  "root": "root",
  "version": 7
}
