{
  "nodes": {
    "home": {
      "inputs": {
        "nixpkgs": "nixpkgs"
      },
      "locked": {
        "lastModified": 1591751635,
        "narHash": "sha256-KgGtyFlkI/fsp+j8VEgJ/ynY9B91aX35Xp04HlDLRTo=",
        "owner": "rycee",
        "repo": "home-manager",
        "rev": "b3fee796fcd5531693d9b84ece76ad6836bb1cfa",
        "type": "github"
      },
      "original": {
        "owner": "rycee",
        "ref": "bqv-flakes",
        "repo": "home-manager",
        "type": "github"
      }
    },
    "master": {
      "locked": {
        "lastModified": 1597710717,
        "narHash": "sha256-3vAocE54PK1uU/HwZWL1rs4vRoNhPnRZNB4TTx6D1Zw=",
        "owner": "NixOS",
        "repo": "nixpkgs",
        "rev": "8bdebd463bc77c9b83d66e690cba822a51c34b9b",
        "type": "github"
      },
      "original": {
        "id": "nixpkgs",
        "rev": "8bdebd463bc77c9b83d66e690cba822a51c34b9b",
        "type": "indirect"
      }
    },
    "nixos": {
      "locked": {
        "lastModified": 1597710717,
        "narHash": "sha256-3vAocE54PK1uU/HwZWL1rs4vRoNhPnRZNB4TTx6D1Zw=",
        "owner": "NixOS",
        "repo": "nixpkgs",
        "rev": "8bdebd463bc77c9b83d66e690cba822a51c34b9b",
        "type": "github"
      },
      "original": {
        "id": "nixpkgs",
        "rev": "8bdebd463bc77c9b83d66e690cba822a51c34b9b",
        "type": "indirect"
      }
    },
    "nixpkgs": {
      "locked": {
        "lastModified": 1591748508,
        "narHash": "sha256-GdYYaYsSBgYUhbDT1JJQ7vEgo8FWeW/AW7/qqJuCvRA=",
        "owner": "NixOS",
        "repo": "nixpkgs",
        "rev": "1d8c4410687390f9b8f92dbe6ff39fd8fc2b17c6",
        "type": "github"
      },
      "original": {
        "id": "nixpkgs",
        "type": "indirect"
      }
    },
    "root": {
      "inputs": {
        "home": "home",
        "master": "master",
        "nixos": "nixos",
        "unstable": "unstable"
      }
    },
    "unstable": {
      "locked": {
        "lastModified": 1601252555,
        "narHash": "sha256-4PrnTqMQn9D24gD52KDrnG2NymfPkeqKWAFXOAyD9E0=",
        "owner": "NixOS",
        "repo": "nixpkgs",
        "rev": "684d5d27136f154775c95005dcce2d32943c7c9e",
        "type": "github"
      },
      "original": {
        "id": "nixpkgs",
        "rev": "684d5d27136f154775c95005dcce2d32943c7c9e",
        "type": "indirect"
      }
    }
  },
  "root": "root",
  "version": 7
}
