{
  "nodes": {
    "StevenBlack-hosts": {
      "flake": false,
      "locked": {
        "lastModified": 1620619443,
        "narHash": "sha256-MLSOnZkfKd31YvYJrfdTvNXLO6rzPRgFQtZ8m3ubtG8=",
        "owner": "StevenBlack",
        "repo": "hosts",
        "rev": "f974eb031a8eeb833959b03b939f3ffc3af1b1a6",
        "type": "github"
      },
      "original": {
        "owner": "StevenBlack",
        "repo": "hosts",
        "type": "github"
      }
    },
    "nixpkgs": {
      "locked": {
        "lastModified": 1620616781,
        "narHash": "sha256-3QsWaY56eZWZnDIJ65dcFVPCtBwDF7MFRasMWxiUVVc=",
        "owner": "NixOS",
        "repo": "nixpkgs",
        "rev": "a8dc2d594b276335d57568c449fb5e92297fde24",
        "type": "github"
      },
      "original": {
        "id": "nixpkgs",
        "type": "indirect"
      }
    },
    "notdeft": {
      "flake": false,
      "locked": {
        "lastModified": 1598303276,
        "narHash": "sha256-pTcyKI66t0/N6wH7JmOa8ulXOQ9ipOCTL6wwVRj/G/0=",
        "owner": "hasu",
        "repo": "notdeft",
        "rev": "7c0125074332df9eb75b0b82cf57a4f8698ffc7a",
        "type": "github"
      },
      "original": {
        "owner": "hasu",
        "repo": "notdeft",
        "rev": "7c0125074332df9eb75b0b82cf57a4f8698ffc7a",
        "type": "github"
      }
    },
    "root": {
      "inputs": {
        "StevenBlack-hosts": "StevenBlack-hosts",
        "nixpkgs": "nixpkgs",
        "notdeft": "notdeft"
      }
    }
  },
  "root": "root",
  "version": 7
}
