{
  "nodes": {
    "StevenBlack-hosts": {
      "flake": false,
      "locked": {
        "lastModified": 1618323021,
        "narHash": "sha256-etXlrCUOBU2U/T/lHYOzAtIyLW4k1OXA7Q/+WMvPiZg=",
        "owner": "StevenBlack",
        "repo": "hosts",
        "rev": "c202dbda759bb0ab52c68e9f675ccd2ad4b59c3e",
        "type": "github"
      },
      "original": {
        "owner": "StevenBlack",
        "repo": "hosts",
        "type": "github"
      }
    },
    "nixpkgs": {
      "locked": {
        "lastModified": 1618358406,
        "narHash": "sha256-BTdYXQqBjyBfw1BkkGHW+EPHY6IPGGguAPvEbmAWmGA=",
        "owner": "NixOS",
        "repo": "nixpkgs",
        "rev": "ccabc238a8bd142e58c2cd8db8ebd78ab38555d9",
        "type": "github"
      },
      "original": {
        "id": "nixpkgs",
        "type": "indirect"
      }
    },
    "notdeft": {
      "flake": false,
      "locked": {
        "lastModified": 1598303276,
        "narHash": "sha256-pTcyKI66t0/N6wH7JmOa8ulXOQ9ipOCTL6wwVRj/G/0=",
        "owner": "hasu",
        "repo": "notdeft",
        "rev": "7c0125074332df9eb75b0b82cf57a4f8698ffc7a",
        "type": "github"
      },
      "original": {
        "owner": "hasu",
        "repo": "notdeft",
        "rev": "7c0125074332df9eb75b0b82cf57a4f8698ffc7a",
        "type": "github"
      }
    },
    "root": {
      "inputs": {
        "StevenBlack-hosts": "StevenBlack-hosts",
        "nixpkgs": "nixpkgs",
        "notdeft": "notdeft"
      }
    }
  },
  "root": "root",
  "version": 7
}
