{
  "nodes": {
    "emacs": {
      "inputs": {
        "emacs-src": "emacs-src",
        "emacs-vterm-src": "emacs-vterm-src",
        "nixpkgs": "nixpkgs"
      },
      "locked": {
        "lastModified": 1650420642,
        "narHash": "sha256-xAdSdNtWU4qtmY/6PIlJt330hWCESq5sRiV6Urs+ZOo=",
        "owner": "cmacrae",
        "repo": "emacs",
        "rev": "cf4cd4ab78c2ce0236d3fe360387cb1636f97cd4",
        "type": "github"
      },
      "original": {
        "owner": "cmacrae",
        "repo": "emacs",
        "type": "github"
      }
    },
    "emacs-src": {
      "flake": false,
      "locked": {
        "lastModified": 1650386164,
        "narHash": "sha256-55PPZqO8hfSEc4oQUi5ExiLZyctlmOR7/3+yS1drQTU=",
        "owner": "emacs-mirror",
        "repo": "emacs",
        "rev": "612e855aa08dfd026e28273b04d54b34978d3e0d",
        "type": "github"
      },
      "original": {
        "owner": "emacs-mirror",
        "repo": "emacs",
        "type": "github"
      }
    },
    "emacs-vterm-src": {
      "flake": false,
      "locked": {
        "lastModified": 1650267199,
        "narHash": "sha256-SQwFpssQcQVp9pB+L1drxOuCzkEdTOWBIi6WiMTN95Y=",
        "owner": "akermu",
        "repo": "emacs-libvterm",
        "rev": "dccb6b23edb8c983eb2a3862fad3c9602c03b8df",
        "type": "github"
      },
      "original": {
        "owner": "akermu",
        "repo": "emacs-libvterm",
        "type": "github"
      }
    },
    "flake-utils": {
      "locked": {
        "lastModified": 1644229661,
        "narHash": "sha256-1YdnJAsNy69bpcjuoKdOYQX0YxZBiCYZo4Twxerqv7k=",
        "owner": "numtide",
        "repo": "flake-utils",
        "rev": "3cecb5b042f7f209c56ffd8371b2711a290ec797",
        "type": "github"
      },
      "original": {
        "owner": "numtide",
        "repo": "flake-utils",
        "type": "github"
      }
    },
    "home": {
      "inputs": {
        "nixpkgs": [
          "latest"
        ]
      },
      "locked": {
        "lastModified": 1650413050,
        "narHash": "sha256-e4Ajk6n+xQnF4CmqZf42OaLxsqm4LpJHkofRh5wwad0=",
        "owner": "nix-community",
        "repo": "home-manager",
        "rev": "8ec13d33b17f246e03ddfea100b7c3a143255bea",
        "type": "github"
      },
      "original": {
        "owner": "nix-community",
        "ref": "master",
        "repo": "home-manager",
        "type": "github"
      }
    },
    "latest": {
      "locked": {
        "lastModified": 1650440614,
        "narHash": "sha256-7mF7gyS5P3UmZmQuo9jbikP2wMyRUnimI7HcKLJ9OZQ=",
        "owner": "nixos",
        "repo": "nixpkgs",
        "rev": "0bbb65673c0ba31047c9ba6c4cd211556b534a4e",
        "type": "github"
      },
      "original": {
        "owner": "nixos",
        "ref": "master",
        "repo": "nixpkgs",
        "type": "github"
      }
    },
    "nix-darwin": {
      "inputs": {
        "nixpkgs": "nixpkgs_2"
      },
      "locked": {
        "lastModified": 1650399173,
        "narHash": "sha256-YYJDu6CxLGIrjnH6uAmPxqRmrgrqPhXNZHpZoqw3q5k=",
        "owner": "LnL7",
        "repo": "nix-darwin",
        "rev": "2979028c51ba0ad7e2062dbdc1674be0f71092fc",
        "type": "github"
      },
      "original": {
        "owner": "LnL7",
        "repo": "nix-darwin",
        "type": "github"
      }
    },
    "nixpkgs": {
      "locked": {
        "lastModified": 1650194139,
        "narHash": "sha256-kurZsqeOw5fpqA/Ig+8tHvbjwzs5P9AE6WUKOX1m6qM=",
        "owner": "nixos",
        "repo": "nixpkgs",
        "rev": "bd4dffcdb7c577d74745bd1eff6230172bd176d5",
        "type": "github"
      },
      "original": {
        "owner": "nixos",
        "ref": "nixpkgs-unstable",
        "repo": "nixpkgs",
        "type": "github"
      }
    },
    "nixpkgs_2": {
      "locked": {
        "lastModified": 1602411953,
        "narHash": "sha256-gbupmxRpoQZqL5NBQCJN2GI5G7XDEHHHYKhVwEj5+Ps=",
        "owner": "LnL7",
        "repo": "nixpkgs",
        "rev": "f780534ea2d0c12e62607ff254b6b45f46653f7a",
        "type": "github"
      },
      "original": {
        "id": "nixpkgs",
        "type": "indirect"
      }
    },
    "nixpkgs_3": {
      "locked": {
        "lastModified": 1650383981,
        "narHash": "sha256-WfgG96mcj3qWjangy+kI/PTUME+p2/WpxgQoQcD073M=",
        "owner": "nixos",
        "repo": "nixpkgs",
        "rev": "7fd9c90a22c6fb12147c917ec1330d9612a08fb4",
        "type": "github"
      },
      "original": {
        "owner": "nixos",
        "ref": "nixpkgs-21.11-darwin",
        "repo": "nixpkgs",
        "type": "github"
      }
    },
    "root": {
      "inputs": {
        "emacs": "emacs",
        "home": "home",
        "latest": "latest",
        "nix-darwin": "nix-darwin",
        "nixpkgs": "nixpkgs_3",
        "unstable": "unstable",
        "utils": "utils"
      }
    },
    "unstable": {
      "locked": {
        "lastModified": 1650194139,
        "narHash": "sha256-kurZsqeOw5fpqA/Ig+8tHvbjwzs5P9AE6WUKOX1m6qM=",
        "owner": "nixos",
        "repo": "nixpkgs",
        "rev": "bd4dffcdb7c577d74745bd1eff6230172bd176d5",
        "type": "github"
      },
      "original": {
        "owner": "nixos",
        "ref": "nixpkgs-unstable",
        "repo": "nixpkgs",
        "type": "github"
      }
    },
    "utils": {
      "inputs": {
        "flake-utils": "flake-utils"
      },
      "locked": {
        "lastModified": 1647259887,
        "narHash": "sha256-yEkMbEHVO9qydluQ3uHGWX1PkfZhgDKxnd1rhZYZ72w=",
        "owner": "gytis-ivaskevicius",
        "repo": "flake-utils-plus",
        "rev": "06dba5f3b4fa2cc0bfc98ce9cd6f9a4d8db11d46",
        "type": "github"
      },
      "original": {
        "owner": "gytis-ivaskevicius",
        "repo": "flake-utils-plus",
        "type": "github"
      }
    }
  },
  "root": "root",
  "version": 7
}
