{
  "nodes": {
    "devshell": {
      "locked": {
        "lastModified": 1632436039,
        "narHash": "sha256-OtITeVWcKXn1SpVEnImpTGH91FycCskGBPqmlxiykv4=",
        "owner": "numtide",
        "repo": "devshell",
        "rev": "7a7a7aa0adebe5488e5abaec688fd9ae0f8ea9c6",
        "type": "github"
      },
      "original": {
        "owner": "numtide",
        "repo": "devshell",
        "type": "github"
      }
    },
    "emacs": {
      "inputs": {
        "emacs-src": "emacs-src",
        "emacs-vterm-src": "emacs-vterm-src",
        "nixpkgs": "nixpkgs"
      },
      "locked": {
        "lastModified": 1635385406,
        "narHash": "sha256-l5C7BaGzA46u6sk95/4eVG7Le7q6g50t+0Y1FHytJkc=",
        "owner": "cmacrae",
        "repo": "emacs",
        "rev": "c7d4ec9bddd09b7a0e656e9d175046750f60a143",
        "type": "github"
      },
      "original": {
        "owner": "cmacrae",
        "repo": "emacs",
        "type": "github"
      }
    },
    "emacs-src": {
      "flake": false,
      "locked": {
        "lastModified": 1635365404,
        "narHash": "sha256-AiuvtC1UK4HnHzjvloZtrl3iEh1XQYKUwR8jKwBE/Pk=",
        "owner": "emacs-mirror",
        "repo": "emacs",
        "rev": "722a9080db719f6297eaa85f1a8c384e421a69dc",
        "type": "github"
      },
      "original": {
        "owner": "emacs-mirror",
        "repo": "emacs",
        "type": "github"
      }
    },
    "emacs-vterm-src": {
      "flake": false,
      "locked": {
        "lastModified": 1631083259,
        "narHash": "sha256-+fl1GUCpAZBOvgMd3akF9EMirp1/K+JyRq0TWKSDeJw=",
        "owner": "akermu",
        "repo": "emacs-libvterm",
        "rev": "2681120b770573044832ba8c22ccbac192e1a294",
        "type": "github"
      },
      "original": {
        "owner": "akermu",
        "repo": "emacs-libvterm",
        "type": "github"
      }
    },
    "flake-compat": {
      "flake": false,
      "locked": {
        "lastModified": 1627913399,
        "narHash": "sha256-hY8g6H2KFL8ownSiFeMOjwPC8P0ueXpCVEbxgda3pko=",
        "owner": "edolstra",
        "repo": "flake-compat",
        "rev": "12c64ca55c1014cdc1b16ed5a804aa8576601ff2",
        "type": "github"
      },
      "original": {
        "owner": "edolstra",
        "repo": "flake-compat",
        "type": "github"
      }
    },
    "flake-compat_2": {
      "flake": false,
      "locked": {
        "lastModified": 1627913399,
        "narHash": "sha256-hY8g6H2KFL8ownSiFeMOjwPC8P0ueXpCVEbxgda3pko=",
        "owner": "edolstra",
        "repo": "flake-compat",
        "rev": "12c64ca55c1014cdc1b16ed5a804aa8576601ff2",
        "type": "github"
      },
      "original": {
        "owner": "edolstra",
        "repo": "flake-compat",
        "type": "github"
      }
    },
    "flake-utils": {
      "locked": {
        "lastModified": 1601282935,
        "narHash": "sha256-WQAFV6sGGQxrRs3a+/Yj9xUYvhTpukQJIcMbIi7LCJ4=",
        "owner": "numtide",
        "repo": "flake-utils",
        "rev": "588973065fce51f4763287f0fda87a174d78bf48",
        "type": "github"
      },
      "original": {
        "owner": "numtide",
        "repo": "flake-utils",
        "type": "github"
      }
    },
    "flake-utils_2": {
      "locked": {
        "lastModified": 1629481132,
        "narHash": "sha256-JHgasjPR0/J1J3DRm4KxM4zTyAj4IOJY8vIl75v/kPI=",
        "owner": "numtide",
        "repo": "flake-utils",
        "rev": "997f7efcb746a9c140ce1f13c72263189225f482",
        "type": "github"
      },
      "original": {
        "owner": "numtide",
        "repo": "flake-utils",
        "type": "github"
      }
    },
    "flake-utils_3": {
      "locked": {
        "lastModified": 1631561581,
        "narHash": "sha256-3VQMV5zvxaVLvqqUrNz3iJelLw30mIVSfZmAaauM3dA=",
        "owner": "numtide",
        "repo": "flake-utils",
        "rev": "7e5bf3925f6fbdfaf50a2a7ca0be2879c4261d19",
        "type": "github"
      },
      "original": {
        "owner": "numtide",
        "repo": "flake-utils",
        "type": "github"
      }
    },
    "flake-utils_4": {
      "locked": {
        "lastModified": 1629481132,
        "narHash": "sha256-JHgasjPR0/J1J3DRm4KxM4zTyAj4IOJY8vIl75v/kPI=",
        "owner": "numtide",
        "repo": "flake-utils",
        "rev": "997f7efcb746a9c140ce1f13c72263189225f482",
        "type": "github"
      },
      "original": {
        "owner": "numtide",
        "repo": "flake-utils",
        "type": "github"
      }
    },
    "flake-utils_5": {
      "locked": {
        "lastModified": 1644229661,
        "narHash": "sha256-1YdnJAsNy69bpcjuoKdOYQX0YxZBiCYZo4Twxerqv7k=",
        "owner": "numtide",
        "repo": "flake-utils",
        "rev": "3cecb5b042f7f209c56ffd8371b2711a290ec797",
        "type": "github"
      },
      "original": {
        "owner": "numtide",
        "repo": "flake-utils",
        "type": "github"
      }
    },
    "gomod2nix": {
      "inputs": {
        "nixpkgs": "nixpkgs_4",
        "utils": "utils"
      },
      "locked": {
        "lastModified": 1627572165,
        "narHash": "sha256-MFpwnkvQpauj799b4QTBJQFEddbD02+Ln5k92QyHOSk=",
        "owner": "tweag",
        "repo": "gomod2nix",
        "rev": "67f22dd738d092c6ba88e420350ada0ed4992ae8",
        "type": "github"
      },
      "original": {
        "owner": "tweag",
        "repo": "gomod2nix",
        "type": "github"
      }
    },
    "home": {
      "inputs": {
        "nixpkgs": [
          "latest"
        ]
      },
      "locked": {
        "lastModified": 1647903177,
        "narHash": "sha256-9aWSpW/F8POA/7cuVpoqhVGfjAgcGRIinwxUaXmUpkk=",
        "owner": "nix-community",
        "repo": "home-manager",
        "rev": "80b4360678fa7890964ba8e40a722985bf8d107e",
        "type": "github"
      },
      "original": {
        "owner": "nix-community",
        "ref": "master",
        "repo": "home-manager",
        "type": "github"
      }
    },
    "latest": {
      "locked": {
        "lastModified": 1647914114,
        "narHash": "sha256-9B3TFOK9+k6BISVy+kNK5YucQAbgY+GhqXaoGmQwQbs=",
        "owner": "nixos",
        "repo": "nixpkgs",
        "rev": "85a633de9fb69e1becebe8d69dbf8ad12b06e08d",
        "type": "github"
      },
      "original": {
        "owner": "nixos",
        "ref": "master",
        "repo": "nixpkgs",
        "type": "github"
      }
    },
    "mach-nix": {
      "inputs": {
        "flake-utils": "flake-utils",
        "nixpkgs": "nixpkgs_5",
        "pypi-deps-db": "pypi-deps-db"
      },
      "locked": {
        "lastModified": 1629464241,
        "narHash": "sha256-DLAVO2fyj5VxDf/7FoBsXZTQcz1/deJ9EFRqO9BD0tI=",
        "owner": "DavHau",
        "repo": "mach-nix",
        "rev": "d223656fc0eff33f4da77d69db19752edc9a5ba5",
        "type": "github"
      },
      "original": {
        "owner": "DavHau",
        "repo": "mach-nix",
        "type": "github"
      }
    },
    "microvm": {
      "inputs": {
        "flake-utils": "flake-utils_2",
        "nixpkgs": "nixpkgs_6"
      },
      "locked": {
        "lastModified": 1631721967,
        "narHash": "sha256-qDTmmn/DF75FiiSoZ8I6zscR3zWD0mqoQeC4CRF4RIg=",
        "owner": "astro",
        "repo": "microvm.nix",
        "rev": "a7fc1d09ad63263a61a97415a05920cb895a8787",
        "type": "github"
      },
      "original": {
        "owner": "astro",
        "repo": "microvm.nix",
        "type": "github"
      }
    },
    "nix-darwin": {
      "inputs": {
        "nixpkgs": "nixpkgs_2"
      },
      "locked": {
        "lastModified": 1647173930,
        "narHash": "sha256-8oca3Pc68VrCp8HeOtHmzs5g0rdQnPO9beDEEZJ02W0=",
        "owner": "LnL7",
        "repo": "nix-darwin",
        "rev": "17fbc68a6110edbff67e55f7450230a697ecb17e",
        "type": "github"
      },
      "original": {
        "owner": "LnL7",
        "repo": "nix-darwin",
        "type": "github"
      }
    },
    "nixpkgs": {
      "locked": {
        "lastModified": 1635295995,
        "narHash": "sha256-sGYiXjFlxTTMNb4NSkgvX+knOOTipE6gqwPUQpxNF+c=",
        "owner": "nixos",
        "repo": "nixpkgs",
        "rev": "22a500a3f87bbce73bd8d777ef920b43a636f018",
        "type": "github"
      },
      "original": {
        "owner": "nixos",
        "ref": "nixpkgs-unstable",
        "repo": "nixpkgs",
        "type": "github"
      }
    },
    "nixpkgs-hardenedliux": {
      "inputs": {
        "devshell": "devshell",
        "flake-compat": "flake-compat",
        "gomod2nix": "gomod2nix",
        "mach-nix": "mach-nix",
        "microvm": "microvm",
        "nixpkgs": "nixpkgs_7",
        "nvfetcher": "nvfetcher",
        "pypi-deps-db": "pypi-deps-db_2",
        "stable": "stable",
        "utils": "utils_2"
      },
      "locked": {
        "lastModified": 1635399986,
        "narHash": "sha256-CB32CJERe3MbEox8oTNRbyCiTbpYQdV5IfWrcHN37E8=",
        "owner": "hardenedlinux",
        "repo": "nixpkgs-hardenedlinux",
        "rev": "eba44f9a0ce41ba0dae31b2d615d2a54b62c2430",
        "type": "github"
      },
      "original": {
        "owner": "hardenedlinux",
        "repo": "nixpkgs-hardenedlinux",
        "type": "github"
      }
    },
    "nixpkgs_2": {
      "locked": {
        "lastModified": 1602411953,
        "narHash": "sha256-gbupmxRpoQZqL5NBQCJN2GI5G7XDEHHHYKhVwEj5+Ps=",
        "owner": "LnL7",
        "repo": "nixpkgs",
        "rev": "f780534ea2d0c12e62607ff254b6b45f46653f7a",
        "type": "github"
      },
      "original": {
        "id": "nixpkgs",
        "type": "indirect"
      }
    },
    "nixpkgs_3": {
      "locked": {
        "lastModified": 1648420413,
        "narHash": "sha256-AHejj7EsbTt+CMOoy15wwkFsFNmx8oinGgDZR22lS6g=",
        "owner": "nixos",
        "repo": "nixpkgs",
        "rev": "d6778e0b5d608eb6738af2a64e26d99cdc5b9e86",
        "type": "github"
      },
      "original": {
        "owner": "nixos",
        "ref": "nixpkgs-21.11-darwin",
        "repo": "nixpkgs",
        "type": "github"
      }
    },
    "nixpkgs_4": {
      "locked": {
        "lastModified": 1639525045,
        "narHash": "sha256-z4GXFNzO+5V4CAUm2DDMAryLOWUKEbQif2ifvv1Ypg4=",
        "owner": "NixOS",
        "repo": "nixpkgs",
        "rev": "a2e281f5770247855b85d70c43454ba5bff34613",
        "type": "github"
      },
      "original": {
        "owner": "NixOS",
        "ref": "nixos-unstable",
        "repo": "nixpkgs",
        "type": "github"
      }
    },
    "nixpkgs_5": {
      "locked": {
        "lastModified": 1622797669,
        "narHash": "sha256-xIyWeoYExzF0KNaKcqfxEX58fN4JTIQxTJWbsAujllc=",
        "owner": "NixOS",
        "repo": "nixpkgs",
        "rev": "1ca6b0a0cc38dbba0441202535c92841dd39d1ae",
        "type": "github"
      },
      "original": {
        "id": "nixpkgs",
        "ref": "nixos-unstable",
        "type": "indirect"
      }
    },
    "nixpkgs_6": {
      "locked": {
        "lastModified": 1639430792,
        "narHash": "sha256-a2KnsqjkygIiqDWYuQOMq4ujxgsAzHU/Lt14+WBg63M=",
        "owner": "nixos",
        "repo": "nixpkgs",
        "rev": "c5f1ee982246d09ae7f119c13aafcce90286221d",
        "type": "github"
      },
      "original": {
        "owner": "nixos",
        "ref": "nixos-21.05",
        "repo": "nixpkgs",
        "type": "github"
      }
    },
    "nixpkgs_7": {
      "locked": {
        "lastModified": 1633389970,
        "narHash": "sha256-2jO/4LkmngUZ0MqaCd6rgHplxTA7kbzv72zo8tdfpik=",
        "ref": "release-21.05",
        "rev": "89c71aa978706181c901d2bec15145e83f5d2b1f",
        "revCount": 295016,
        "type": "git",
        "url": "file:///nix/nixpkgs"
      },
      "original": {
        "id": "nixpkgs",
        "ref": "release-21.05",
        "type": "indirect"
      }
    },
    "nixpkgs_8": {
      "locked": {
        "lastModified": 1632411313,
        "narHash": "sha256-lekODc44lVo9/0EwGiX6LoEt2KhiPdcfNopealMJ7n4=",
        "owner": "NixOS",
        "repo": "nixpkgs",
        "rev": "51bcdc4cdaac48535dabf0ad4642a66774c609ed",
        "type": "github"
      },
      "original": {
        "owner": "NixOS",
        "ref": "nixos-unstable",
        "repo": "nixpkgs",
        "type": "github"
      }
    },
    "nvfetcher": {
      "inputs": {
        "flake-compat": "flake-compat_2",
        "flake-utils": "flake-utils_3",
        "nixpkgs": "nixpkgs_8"
      },
      "locked": {
        "lastModified": 1632700276,
        "narHash": "sha256-XABvQUq2qv+YcQxW93DnU8mgtVsGJWyhcznny/Lbp0Q=",
        "owner": "berberman",
        "repo": "nvfetcher",
        "rev": "248fe98ed1bc352ce164d08a9e76fdc5f301ba2d",
        "type": "github"
      },
      "original": {
        "owner": "berberman",
        "repo": "nvfetcher",
        "type": "github"
      }
    },
    "pypi-deps-db": {
      "flake": false,
      "locked": {
        "lastModified": 1639687450,
        "narHash": "sha256-jq/ArS4k1GjzbedITmfbf95wgKL++TD2/pQw/FBR83Y=",
        "owner": "DavHau",
        "repo": "pypi-deps-db",
        "rev": "a4d0240c388f41d8af6c773e74056b4ad8e34a58",
        "type": "github"
      },
      "original": {
        "owner": "DavHau",
        "repo": "pypi-deps-db",
        "type": "github"
      }
    },
    "pypi-deps-db_2": {
      "flake": false,
      "locked": {
        "lastModified": 1633422589,
        "narHash": "sha256-tuQRx4iaPlaLFYxcyClplSQp81N4nTILycUlR4H1xOU=",
        "owner": "DavHau",
        "repo": "pypi-deps-db",
        "rev": "06050fb9941519d9c4f1d950731099573b5e436e",
        "type": "github"
      },
      "original": {
        "owner": "DavHau",
        "repo": "pypi-deps-db",
        "type": "github"
      }
    },
    "root": {
      "inputs": {
        "emacs": "emacs",
        "home": "home",
        "latest": "latest",
        "nix-darwin": "nix-darwin",
        "nixpkgs": "nixpkgs_3",
        "nixpkgs-hardenedliux": "nixpkgs-hardenedliux",
        "unstable": "unstable",
        "utils": "utils_3"
      }
    },
    "stable": {
      "locked": {
        "lastModified": 1632408697,
        "narHash": "sha256-JqTfu361AwFmV0WszXLAjfukqGxBbHRopRgdp9A2w8s=",
        "ref": "release-20.09",
        "rev": "a13824fe5e38187fbc75cd598b5c06bdcc13501f",
        "revCount": 247164,
        "type": "git",
        "url": "file:///nix/nixpkgs"
      },
      "original": {
        "id": "nixpkgs",
        "ref": "release-20.09",
        "type": "indirect"
      }
    },
    "unstable": {
      "locked": {
        "lastModified": 1648219316,
        "narHash": "sha256-Ctij+dOi0ZZIfX5eMhgwugfvB+WZSrvVNAyAuANOsnQ=",
        "owner": "nixos",
        "repo": "nixpkgs",
        "rev": "30d3d79b7d3607d56546dd2a6b49e156ba0ec634",
        "type": "github"
      },
      "original": {
        "owner": "nixos",
        "ref": "nixpkgs-unstable",
        "repo": "nixpkgs",
        "type": "github"
      }
    },
    "utils": {
      "locked": {
        "lastModified": 1623875721,
        "narHash": "sha256-A8BU7bjS5GirpAUv4QA+QnJ4CceLHkcXdRp4xITDB0s=",
        "owner": "numtide",
        "repo": "flake-utils",
        "rev": "f7e004a55b120c02ecb6219596820fcd32ca8772",
        "type": "github"
      },
      "original": {
        "owner": "numtide",
        "repo": "flake-utils",
        "type": "github"
      }
    },
    "utils_2": {
      "inputs": {
        "flake-utils": "flake-utils_4"
      },
      "locked": {
        "lastModified": 1632420560,
        "narHash": "sha256-8Tsa4Hp/CHCA6J8/E7EODhp75z5N1NBhFiOb3lBv/tI=",
        "owner": "gytis-ivaskevicius",
        "repo": "flake-utils-plus",
        "rev": "4b1bcafcfcd78bd36ceabfe3872822ba5c7fcbe8",
        "type": "github"
      },
      "original": {
        "owner": "gytis-ivaskevicius",
        "repo": "flake-utils-plus",
        "type": "github"
      }
    },
    "utils_3": {
      "inputs": {
        "flake-utils": "flake-utils_5"
      },
      "locked": {
        "lastModified": 1647259887,
        "narHash": "sha256-yEkMbEHVO9qydluQ3uHGWX1PkfZhgDKxnd1rhZYZ72w=",
        "owner": "gytis-ivaskevicius",
        "repo": "flake-utils-plus",
        "rev": "06dba5f3b4fa2cc0bfc98ce9cd6f9a4d8db11d46",
        "type": "github"
      },
      "original": {
        "owner": "gytis-ivaskevicius",
        "repo": "flake-utils-plus",
        "type": "github"
      }
    }
  },
  "root": "root",
  "version": 7
}
